// !$*UTF8*$!
{
	archiveVersion = 1;
	classes = {
	};
	objectVersion = 46;
	objects = {

/* Begin PBXBuildFile section */
		05314E4C1DBB902B0047BA49 /* JKRMenuTableViewCell.m in Sources */ = {isa = PBXBuildFile; fileRef = 05314E4B1DBB902B0047BA49 /* JKRMenuTableViewCell.m */; };
		05314E4F1DBBA9A20047BA49 /* JKRCameraTipView.m in Sources */ = {isa = PBXBuildFile; fileRef = 05314E4E1DBBA9A20047BA49 /* JKRCameraTipView.m */; };
		05314E521DBBAA100047BA49 /* UILabel+tipLabel.m in Sources */ = {isa = PBXBuildFile; fileRef = 05314E511DBBAA100047BA49 /* UILabel+tipLabel.m */; };
		05EFF07A1DBB744300E400C4 /* UIImage+image.m in Sources */ = {isa = PBXBuildFile; fileRef = 05EFF0791DBB744300E400C4 /* UIImage+image.m */; };
		05EFF07D1DBB812A00E400C4 /* JKRCameraSliderView.m in Sources */ = {isa = PBXBuildFile; fileRef = 05EFF07C1DBB812A00E400C4 /* JKRCameraSliderView.m */; };
		435091951D810FB000610CFC /* JKRUIDemo.m in Sources */ = {isa = PBXBuildFile; fileRef = 435091941D810FB000610CFC /* JKRUIDemo.m */; };
		4350919B1D816B8100610CFC /* RQShineLabel.m in Sources */ = {isa = PBXBuildFile; fileRef = 4350919A1D816B8100610CFC /* RQShineLabel.m */; };
		4350919E1D8250F200610CFC /* JKRFlickerLabel.m in Sources */ = {isa = PBXBuildFile; fileRef = 4350919D1D8250F200610CFC /* JKRFlickerLabel.m */; };
		43CEE9E41D76D36F00B6C237 /* main.m in Sources */ = {isa = PBXBuildFile; fileRef = 43CEE9E31D76D36F00B6C237 /* main.m */; };
		43CEE9E71D76D36F00B6C237 /* AppDelegate.m in Sources */ = {isa = PBXBuildFile; fileRef = 43CEE9E61D76D36F00B6C237 /* AppDelegate.m */; };
		43CEE9EA1D76D36F00B6C237 /* ViewController.m in Sources */ = {isa = PBXBuildFile; fileRef = 43CEE9E91D76D36F00B6C237 /* ViewController.m */; };
		43CEE9ED1D76D36F00B6C237 /* Main.storyboard in Resources */ = {isa = PBXBuildFile; fileRef = 43CEE9EB1D76D36F00B6C237 /* Main.storyboard */; };
		43CEE9EF1D76D37000B6C237 /* Assets.xcassets in Resources */ = {isa = PBXBuildFile; fileRef = 43CEE9EE1D76D37000B6C237 /* Assets.xcassets */; };
		43CEE9F21D76D37000B6C237 /* LaunchScreen.storyboard in Resources */ = {isa = PBXBuildFile; fileRef = 43CEE9F01D76D37000B6C237 /* LaunchScreen.storyboard */; };
		43CEE9FD1D76D37000B6C237 /* JKRAVCameraDemoTests.m in Sources */ = {isa = PBXBuildFile; fileRef = 43CEE9FC1D76D37000B6C237 /* JKRAVCameraDemoTests.m */; };
		43CEEA081D76D37000B6C237 /* JKRAVCameraDemoUITests.m in Sources */ = {isa = PBXBuildFile; fileRef = 43CEEA071D76D37000B6C237 /* JKRAVCameraDemoUITests.m */; };
		43CEEA6A1D783B5200B6C237 /* JKRMenuViewController.m in Sources */ = {isa = PBXBuildFile; fileRef = 43CEEA691D783B5200B6C237 /* JKRMenuViewController.m */; };
		43CEEA701D783BD500B6C237 /* JKREditViewController.m in Sources */ = {isa = PBXBuildFile; fileRef = 43CEEA6F1D783BD500B6C237 /* JKREditViewController.m */; };
		43CEEA731D783CA300B6C237 /* JKRVideosManager.m in Sources */ = {isa = PBXBuildFile; fileRef = 43CEEA721D783CA300B6C237 /* JKRVideosManager.m */; };
		43CEEA7E1D79293D00B6C237 /* JKRCameraBackgroundView.m in Sources */ = {isa = PBXBuildFile; fileRef = 43CEEA771D79293D00B6C237 /* JKRCameraBackgroundView.m */; };
		43CEEA7F1D79293D00B6C237 /* JKRCameraProgressHistoryLayer.m in Sources */ = {isa = PBXBuildFile; fileRef = 43CEEA791D79293D00B6C237 /* JKRCameraProgressHistoryLayer.m */; };
		43CEEA801D79293D00B6C237 /* JKRCameraProgressView.m in Sources */ = {isa = PBXBuildFile; fileRef = 43CEEA7B1D79293D00B6C237 /* JKRCameraProgressView.m */; };
		43CEEA811D79293D00B6C237 /* JKRCameraView.m in Sources */ = {isa = PBXBuildFile; fileRef = 43CEEA7D1D79293D00B6C237 /* JKRCameraView.m */; };
		43CEEB331D79294400B6C237 /* libGPUImage.a in Frameworks */ = {isa = PBXBuildFile; fileRef = 43CEEB321D79294400B6C237 /* libGPUImage.a */; };
		43CEEB391D79294900B6C237 /* NSObject+KVO.m in Sources */ = {isa = PBXBuildFile; fileRef = 43CEEB361D79294900B6C237 /* NSObject+KVO.m */; };
		43CEEB3A1D79294900B6C237 /* NSString+FileSize.m in Sources */ = {isa = PBXBuildFile; fileRef = 43CEEB381D79294900B6C237 /* NSString+FileSize.m */; };
		43CEEB3E1D7929A000B6C237 /* JKRVideoEditView.m in Sources */ = {isa = PBXBuildFile; fileRef = 43CEEB3D1D7929A000B6C237 /* JKRVideoEditView.m */; };
		43CEEB401D792AAA00B6C237 /* MobileCoreServices.framework in Frameworks */ = {isa = PBXBuildFile; fileRef = 43CEEB3F1D792AAA00B6C237 /* MobileCoreServices.framework */; };
		43CEEB421D792AB300B6C237 /* QuartzCore.framework in Frameworks */ = {isa = PBXBuildFile; fileRef = 43CEEB411D792AB300B6C237 /* QuartzCore.framework */; };
		43CEEB441D792ABA00B6C237 /* OpenGLES.framework in Frameworks */ = {isa = PBXBuildFile; fileRef = 43CEEB431D792ABA00B6C237 /* OpenGLES.framework */; };
		43CEEB461D792AC200B6C237 /* CoreVideo.framework in Frameworks */ = {isa = PBXBuildFile; fileRef = 43CEEB451D792AC200B6C237 /* CoreVideo.framework */; };
		43CEEB481D792AC800B6C237 /* CoreMedia.framework in Frameworks */ = {isa = PBXBuildFile; fileRef = 43CEEB471D792AC800B6C237 /* CoreMedia.framework */; };
		43CEEB4B1D792BDC00B6C237 /* JKRVideoBackGroundView.m in Sources */ = {isa = PBXBuildFile; fileRef = 43CEEB4A1D792BDC00B6C237 /* JKRVideoBackGroundView.m */; };
		43CEEB4D1D79862D00B6C237 /* back.mp3 in Resources */ = {isa = PBXBuildFile; fileRef = 43CEEB4C1D79862D00B6C237 /* back.mp3 */; };
		FA3CD00B1F7143D1005A0CCD /* CoreMotion.framework in Frameworks */ = {isa = PBXBuildFile; fileRef = FA3CD00A1F7143D1005A0CCD /* CoreMotion.framework */; };
/* End PBXBuildFile section */

/* Begin PBXContainerItemProxy section */
		43CEE9F91D76D37000B6C237 /* PBXContainerItemProxy */ = {
			isa = PBXContainerItemProxy;
			containerPortal = 43CEE9D71D76D36F00B6C237 /* Project object */;
			proxyType = 1;
			remoteGlobalIDString = 43CEE9DE1D76D36F00B6C237;
			remoteInfo = JKRAVCameraDemo;
		};
		43CEEA041D76D37000B6C237 /* PBXContainerItemProxy */ = {
			isa = PBXContainerItemProxy;
			containerPortal = 43CEE9D71D76D36F00B6C237 /* Project object */;
			proxyType = 1;
			remoteGlobalIDString = 43CEE9DE1D76D36F00B6C237;
			remoteInfo = JKRAVCameraDemo;
		};
/* End PBXContainerItemProxy section */

/* Begin PBXFileReference section */
		05314E4A1DBB902B0047BA49 /* JKRMenuTableViewCell.h */ = {isa = PBXFileReference; fileEncoding = 4; lastKnownFileType = sourcecode.c.h; path = JKRMenuTableViewCell.h; sourceTree = "<group>"; };
		05314E4B1DBB902B0047BA49 /* JKRMenuTableViewCell.m */ = {isa = PBXFileReference; fileEncoding = 4; lastKnownFileType = sourcecode.c.objc; path = JKRMenuTableViewCell.m; sourceTree = "<group>"; };
		05314E4D1DBBA9A20047BA49 /* JKRCameraTipView.h */ = {isa = PBXFileReference; fileEncoding = 4; lastKnownFileType = sourcecode.c.h; path = JKRCameraTipView.h; sourceTree = "<group>"; };
		05314E4E1DBBA9A20047BA49 /* JKRCameraTipView.m */ = {isa = PBXFileReference; fileEncoding = 4; lastKnownFileType = sourcecode.c.objc; path = JKRCameraTipView.m; sourceTree = "<group>"; };
		05314E501DBBAA100047BA49 /* UILabel+tipLabel.h */ = {isa = PBXFileReference; fileEncoding = 4; lastKnownFileType = sourcecode.c.h; path = "UILabel+tipLabel.h"; sourceTree = "<group>"; };
		05314E511DBBAA100047BA49 /* UILabel+tipLabel.m */ = {isa = PBXFileReference; fileEncoding = 4; lastKnownFileType = sourcecode.c.objc; path = "UILabel+tipLabel.m"; sourceTree = "<group>"; };
		05EFF0781DBB744300E400C4 /* UIImage+image.h */ = {isa = PBXFileReference; fileEncoding = 4; lastKnownFileType = sourcecode.c.h; path = "UIImage+image.h"; sourceTree = "<group>"; };
		05EFF0791DBB744300E400C4 /* UIImage+image.m */ = {isa = PBXFileReference; fileEncoding = 4; lastKnownFileType = sourcecode.c.objc; path = "UIImage+image.m"; sourceTree = "<group>"; };
		05EFF07B1DBB812A00E400C4 /* JKRCameraSliderView.h */ = {isa = PBXFileReference; fileEncoding = 4; lastKnownFileType = sourcecode.c.h; path = JKRCameraSliderView.h; sourceTree = "<group>"; };
		05EFF07C1DBB812A00E400C4 /* JKRCameraSliderView.m */ = {isa = PBXFileReference; fileEncoding = 4; lastKnownFileType = sourcecode.c.objc; path = JKRCameraSliderView.m; sourceTree = "<group>"; };
		435091931D810FB000610CFC /* JKRUIDemo.h */ = {isa = PBXFileReference; fileEncoding = 4; lastKnownFileType = sourcecode.c.h; path = JKRUIDemo.h; sourceTree = "<group>"; };
		435091941D810FB000610CFC /* JKRUIDemo.m */ = {isa = PBXFileReference; fileEncoding = 4; lastKnownFileType = sourcecode.c.objc; path = JKRUIDemo.m; sourceTree = "<group>"; };
		435091991D816B8100610CFC /* RQShineLabel.h */ = {isa = PBXFileReference; fileEncoding = 4; lastKnownFileType = sourcecode.c.h; path = RQShineLabel.h; sourceTree = "<group>"; };
		4350919A1D816B8100610CFC /* RQShineLabel.m */ = {isa = PBXFileReference; fileEncoding = 4; lastKnownFileType = sourcecode.c.objc; path = RQShineLabel.m; sourceTree = "<group>"; };
		4350919C1D8250F200610CFC /* JKRFlickerLabel.h */ = {isa = PBXFileReference; fileEncoding = 4; lastKnownFileType = sourcecode.c.h; path = JKRFlickerLabel.h; sourceTree = "<group>"; };
		4350919D1D8250F200610CFC /* JKRFlickerLabel.m */ = {isa = PBXFileReference; fileEncoding = 4; lastKnownFileType = sourcecode.c.objc; path = JKRFlickerLabel.m; sourceTree = "<group>"; };
		43CEE9DF1D76D36F00B6C237 /* JKRAVCameraDemo.app */ = {isa = PBXFileReference; explicitFileType = wrapper.application; includeInIndex = 0; path = JKRAVCameraDemo.app; sourceTree = BUILT_PRODUCTS_DIR; };
		43CEE9E31D76D36F00B6C237 /* main.m */ = {isa = PBXFileReference; lastKnownFileType = sourcecode.c.objc; path = main.m; sourceTree = "<group>"; };
		43CEE9E51D76D36F00B6C237 /* AppDelegate.h */ = {isa = PBXFileReference; lastKnownFileType = sourcecode.c.h; path = AppDelegate.h; sourceTree = "<group>"; };
		43CEE9E61D76D36F00B6C237 /* AppDelegate.m */ = {isa = PBXFileReference; lastKnownFileType = sourcecode.c.objc; path = AppDelegate.m; sourceTree = "<group>"; };
		43CEE9E81D76D36F00B6C237 /* ViewController.h */ = {isa = PBXFileReference; lastKnownFileType = sourcecode.c.h; path = ViewController.h; sourceTree = "<group>"; };
		43CEE9E91D76D36F00B6C237 /* ViewController.m */ = {isa = PBXFileReference; lastKnownFileType = sourcecode.c.objc; path = ViewController.m; sourceTree = "<group>"; };
		43CEE9EC1D76D36F00B6C237 /* Base */ = {isa = PBXFileReference; lastKnownFileType = file.storyboard; name = Base; path = Base.lproj/Main.storyboard; sourceTree = "<group>"; };
		43CEE9EE1D76D37000B6C237 /* Assets.xcassets */ = {isa = PBXFileReference; lastKnownFileType = folder.assetcatalog; path = Assets.xcassets; sourceTree = "<group>"; };
		43CEE9F11D76D37000B6C237 /* Base */ = {isa = PBXFileReference; lastKnownFileType = file.storyboard; name = Base; path = Base.lproj/LaunchScreen.storyboard; sourceTree = "<group>"; };
		43CEE9F31D76D37000B6C237 /* Info.plist */ = {isa = PBXFileReference; lastKnownFileType = text.plist.xml; path = Info.plist; sourceTree = "<group>"; };
		43CEE9F81D76D37000B6C237 /* JKRAVCameraDemoTests.xctest */ = {isa = PBXFileReference; explicitFileType = wrapper.cfbundle; includeInIndex = 0; path = JKRAVCameraDemoTests.xctest; sourceTree = BUILT_PRODUCTS_DIR; };
		43CEE9FC1D76D37000B6C237 /* JKRAVCameraDemoTests.m */ = {isa = PBXFileReference; lastKnownFileType = sourcecode.c.objc; path = JKRAVCameraDemoTests.m; sourceTree = "<group>"; };
		43CEE9FE1D76D37000B6C237 /* Info.plist */ = {isa = PBXFileReference; lastKnownFileType = text.plist.xml; path = Info.plist; sourceTree = "<group>"; };
		43CEEA031D76D37000B6C237 /* JKRAVCameraDemoUITests.xctest */ = {isa = PBXFileReference; explicitFileType = wrapper.cfbundle; includeInIndex = 0; path = JKRAVCameraDemoUITests.xctest; sourceTree = BUILT_PRODUCTS_DIR; };
		43CEEA071D76D37000B6C237 /* JKRAVCameraDemoUITests.m */ = {isa = PBXFileReference; lastKnownFileType = sourcecode.c.objc; path = JKRAVCameraDemoUITests.m; sourceTree = "<group>"; };
		43CEEA091D76D37000B6C237 /* Info.plist */ = {isa = PBXFileReference; lastKnownFileType = text.plist.xml; path = Info.plist; sourceTree = "<group>"; };
		43CEEA681D783B5200B6C237 /* JKRMenuViewController.h */ = {isa = PBXFileReference; fileEncoding = 4; lastKnownFileType = sourcecode.c.h; path = JKRMenuViewController.h; sourceTree = "<group>"; };
		43CEEA691D783B5200B6C237 /* JKRMenuViewController.m */ = {isa = PBXFileReference; fileEncoding = 4; lastKnownFileType = sourcecode.c.objc; path = JKRMenuViewController.m; sourceTree = "<group>"; };
		43CEEA6E1D783BD500B6C237 /* JKREditViewController.h */ = {isa = PBXFileReference; fileEncoding = 4; lastKnownFileType = sourcecode.c.h; path = JKREditViewController.h; sourceTree = "<group>"; };
		43CEEA6F1D783BD500B6C237 /* JKREditViewController.m */ = {isa = PBXFileReference; fileEncoding = 4; lastKnownFileType = sourcecode.c.objc; path = JKREditViewController.m; sourceTree = "<group>"; };
		43CEEA711D783CA300B6C237 /* JKRVideosManager.h */ = {isa = PBXFileReference; fileEncoding = 4; lastKnownFileType = sourcecode.c.h; path = JKRVideosManager.h; sourceTree = "<group>"; };
		43CEEA721D783CA300B6C237 /* JKRVideosManager.m */ = {isa = PBXFileReference; fileEncoding = 4; lastKnownFileType = sourcecode.c.objc; path = JKRVideosManager.m; sourceTree = "<group>"; };
		43CEEA741D790BF200B6C237 /* PrefixHeader.pch */ = {isa = PBXFileReference; lastKnownFileType = sourcecode.c.h; path = PrefixHeader.pch; sourceTree = "<group>"; };
		43CEEA761D79293D00B6C237 /* JKRCameraBackgroundView.h */ = {isa = PBXFileReference; fileEncoding = 4; lastKnownFileType = sourcecode.c.h; path = JKRCameraBackgroundView.h; sourceTree = "<group>"; };
		43CEEA771D79293D00B6C237 /* JKRCameraBackgroundView.m */ = {isa = PBXFileReference; fileEncoding = 4; lastKnownFileType = sourcecode.c.objc; path = JKRCameraBackgroundView.m; sourceTree = "<group>"; };
		43CEEA781D79293D00B6C237 /* JKRCameraProgressHistoryLayer.h */ = {isa = PBXFileReference; fileEncoding = 4; lastKnownFileType = sourcecode.c.h; path = JKRCameraProgressHistoryLayer.h; sourceTree = "<group>"; };
		43CEEA791D79293D00B6C237 /* JKRCameraProgressHistoryLayer.m */ = {isa = PBXFileReference; fileEncoding = 4; lastKnownFileType = sourcecode.c.objc; path = JKRCameraProgressHistoryLayer.m; sourceTree = "<group>"; };
		43CEEA7A1D79293D00B6C237 /* JKRCameraProgressView.h */ = {isa = PBXFileReference; fileEncoding = 4; lastKnownFileType = sourcecode.c.h; path = JKRCameraProgressView.h; sourceTree = "<group>"; };
		43CEEA7B1D79293D00B6C237 /* JKRCameraProgressView.m */ = {isa = PBXFileReference; fileEncoding = 4; lastKnownFileType = sourcecode.c.objc; path = JKRCameraProgressView.m; sourceTree = "<group>"; };
		43CEEA7C1D79293D00B6C237 /* JKRCameraView.h */ = {isa = PBXFileReference; fileEncoding = 4; lastKnownFileType = sourcecode.c.h; path = JKRCameraView.h; sourceTree = "<group>"; };
		43CEEA7D1D79293D00B6C237 /* JKRCameraView.m */ = {isa = PBXFileReference; fileEncoding = 4; lastKnownFileType = sourcecode.c.objc; path = JKRCameraView.m; sourceTree = "<group>"; };
		43CEEA831D79294300B6C237 /* GLProgram.h */ = {isa = PBXFileReference; fileEncoding = 4; lastKnownFileType = sourcecode.c.h; path = GLProgram.h; sourceTree = "<group>"; };
		43CEEA841D79294300B6C237 /* GPUImage.h */ = {isa = PBXFileReference; fileEncoding = 4; lastKnownFileType = sourcecode.c.h; path = GPUImage.h; sourceTree = "<group>"; };
		43CEEA851D79294300B6C237 /* GPUImage3x3ConvolutionFilter.h */ = {isa = PBXFileReference; fileEncoding = 4; lastKnownFileType = sourcecode.c.h; path = GPUImage3x3ConvolutionFilter.h; sourceTree = "<group>"; };
		43CEEA861D79294300B6C237 /* GPUImage3x3TextureSamplingFilter.h */ = {isa = PBXFileReference; fileEncoding = 4; lastKnownFileType = sourcecode.c.h; path = GPUImage3x3TextureSamplingFilter.h; sourceTree = "<group>"; };
		43CEEA871D79294300B6C237 /* GPUImageAdaptiveThresholdFilter.h */ = {isa = PBXFileReference; fileEncoding = 4; lastKnownFileType = sourcecode.c.h; path = GPUImageAdaptiveThresholdFilter.h; sourceTree = "<group>"; };
		43CEEA881D79294300B6C237 /* GPUImageAddBlendFilter.h */ = {isa = PBXFileReference; fileEncoding = 4; lastKnownFileType = sourcecode.c.h; path = GPUImageAddBlendFilter.h; sourceTree = "<group>"; };
		43CEEA891D79294300B6C237 /* GPUImageAlphaBlendFilter.h */ = {isa = PBXFileReference; fileEncoding = 4; lastKnownFileType = sourcecode.c.h; path = GPUImageAlphaBlendFilter.h; sourceTree = "<group>"; };
		43CEEA8A1D79294300B6C237 /* GPUImageAmatorkaFilter.h */ = {isa = PBXFileReference; fileEncoding = 4; lastKnownFileType = sourcecode.c.h; path = GPUImageAmatorkaFilter.h; sourceTree = "<group>"; };
		43CEEA8B1D79294300B6C237 /* GPUImageAverageColor.h */ = {isa = PBXFileReference; fileEncoding = 4; lastKnownFileType = sourcecode.c.h; path = GPUImageAverageColor.h; sourceTree = "<group>"; };
		43CEEA8C1D79294300B6C237 /* GPUImageAverageLuminanceThresholdFilter.h */ = {isa = PBXFileReference; fileEncoding = 4; lastKnownFileType = sourcecode.c.h; path = GPUImageAverageLuminanceThresholdFilter.h; sourceTree = "<group>"; };
		43CEEA8D1D79294300B6C237 /* GPUImageBilateralFilter.h */ = {isa = PBXFileReference; fileEncoding = 4; lastKnownFileType = sourcecode.c.h; path = GPUImageBilateralFilter.h; sourceTree = "<group>"; };
		43CEEA8E1D79294300B6C237 /* GPUImageBoxBlurFilter.h */ = {isa = PBXFileReference; fileEncoding = 4; lastKnownFileType = sourcecode.c.h; path = GPUImageBoxBlurFilter.h; sourceTree = "<group>"; };
		43CEEA8F1D79294300B6C237 /* GPUImageBrightnessFilter.h */ = {isa = PBXFileReference; fileEncoding = 4; lastKnownFileType = sourcecode.c.h; path = GPUImageBrightnessFilter.h; sourceTree = "<group>"; };
		43CEEA901D79294300B6C237 /* GPUImageBuffer.h */ = {isa = PBXFileReference; fileEncoding = 4; lastKnownFileType = sourcecode.c.h; path = GPUImageBuffer.h; sourceTree = "<group>"; };
		43CEEA911D79294300B6C237 /* GPUImageBulgeDistortionFilter.h */ = {isa = PBXFileReference; fileEncoding = 4; lastKnownFileType = sourcecode.c.h; path = GPUImageBulgeDistortionFilter.h; sourceTree = "<group>"; };
		43CEEA921D79294300B6C237 /* GPUImageCannyEdgeDetectionFilter.h */ = {isa = PBXFileReference; fileEncoding = 4; lastKnownFileType = sourcecode.c.h; path = GPUImageCannyEdgeDetectionFilter.h; sourceTree = "<group>"; };
		43CEEA931D79294300B6C237 /* GPUImageCGAColorspaceFilter.h */ = {isa = PBXFileReference; fileEncoding = 4; lastKnownFileType = sourcecode.c.h; path = GPUImageCGAColorspaceFilter.h; sourceTree = "<group>"; };
		43CEEA941D79294300B6C237 /* GPUImageChromaKeyBlendFilter.h */ = {isa = PBXFileReference; fileEncoding = 4; lastKnownFileType = sourcecode.c.h; path = GPUImageChromaKeyBlendFilter.h; sourceTree = "<group>"; };
		43CEEA951D79294300B6C237 /* GPUImageChromaKeyFilter.h */ = {isa = PBXFileReference; fileEncoding = 4; lastKnownFileType = sourcecode.c.h; path = GPUImageChromaKeyFilter.h; sourceTree = "<group>"; };
		43CEEA961D79294300B6C237 /* GPUImageClosingFilter.h */ = {isa = PBXFileReference; fileEncoding = 4; lastKnownFileType = sourcecode.c.h; path = GPUImageClosingFilter.h; sourceTree = "<group>"; };
		43CEEA971D79294300B6C237 /* GPUImageColorBlendFilter.h */ = {isa = PBXFileReference; fileEncoding = 4; lastKnownFileType = sourcecode.c.h; path = GPUImageColorBlendFilter.h; sourceTree = "<group>"; };
		43CEEA981D79294300B6C237 /* GPUImageColorBurnBlendFilter.h */ = {isa = PBXFileReference; fileEncoding = 4; lastKnownFileType = sourcecode.c.h; path = GPUImageColorBurnBlendFilter.h; sourceTree = "<group>"; };
		43CEEA991D79294300B6C237 /* GPUImageColorConversion.h */ = {isa = PBXFileReference; fileEncoding = 4; lastKnownFileType = sourcecode.c.h; path = GPUImageColorConversion.h; sourceTree = "<group>"; };
		43CEEA9A1D79294300B6C237 /* GPUImageColorDodgeBlendFilter.h */ = {isa = PBXFileReference; fileEncoding = 4; lastKnownFileType = sourcecode.c.h; path = GPUImageColorDodgeBlendFilter.h; sourceTree = "<group>"; };
		43CEEA9B1D79294300B6C237 /* GPUImageColorInvertFilter.h */ = {isa = PBXFileReference; fileEncoding = 4; lastKnownFileType = sourcecode.c.h; path = GPUImageColorInvertFilter.h; sourceTree = "<group>"; };
		43CEEA9C1D79294300B6C237 /* GPUImageColorLocalBinaryPatternFilter.h */ = {isa = PBXFileReference; fileEncoding = 4; lastKnownFileType = sourcecode.c.h; path = GPUImageColorLocalBinaryPatternFilter.h; sourceTree = "<group>"; };
		43CEEA9D1D79294300B6C237 /* GPUImageColorMatrixFilter.h */ = {isa = PBXFileReference; fileEncoding = 4; lastKnownFileType = sourcecode.c.h; path = GPUImageColorMatrixFilter.h; sourceTree = "<group>"; };
		43CEEA9E1D79294300B6C237 /* GPUImageColorPackingFilter.h */ = {isa = PBXFileReference; fileEncoding = 4; lastKnownFileType = sourcecode.c.h; path = GPUImageColorPackingFilter.h; sourceTree = "<group>"; };
		43CEEA9F1D79294300B6C237 /* GPUImageColourFASTFeatureDetector.h */ = {isa = PBXFileReference; fileEncoding = 4; lastKnownFileType = sourcecode.c.h; path = GPUImageColourFASTFeatureDetector.h; sourceTree = "<group>"; };
		43CEEAA01D79294300B6C237 /* GPUImageColourFASTSamplingOperation.h */ = {isa = PBXFileReference; fileEncoding = 4; lastKnownFileType = sourcecode.c.h; path = GPUImageColourFASTSamplingOperation.h; sourceTree = "<group>"; };
		43CEEAA11D79294300B6C237 /* GPUImageContext.h */ = {isa = PBXFileReference; fileEncoding = 4; lastKnownFileType = sourcecode.c.h; path = GPUImageContext.h; sourceTree = "<group>"; };
		43CEEAA21D79294300B6C237 /* GPUImageContrastFilter.h */ = {isa = PBXFileReference; fileEncoding = 4; lastKnownFileType = sourcecode.c.h; path = GPUImageContrastFilter.h; sourceTree = "<group>"; };
		43CEEAA31D79294300B6C237 /* GPUImageCropFilter.h */ = {isa = PBXFileReference; fileEncoding = 4; lastKnownFileType = sourcecode.c.h; path = GPUImageCropFilter.h; sourceTree = "<group>"; };
		43CEEAA41D79294300B6C237 /* GPUImageCrosshairGenerator.h */ = {isa = PBXFileReference; fileEncoding = 4; lastKnownFileType = sourcecode.c.h; path = GPUImageCrosshairGenerator.h; sourceTree = "<group>"; };
		43CEEAA51D79294300B6C237 /* GPUImageCrosshatchFilter.h */ = {isa = PBXFileReference; fileEncoding = 4; lastKnownFileType = sourcecode.c.h; path = GPUImageCrosshatchFilter.h; sourceTree = "<group>"; };
		43CEEAA61D79294300B6C237 /* GPUImageDarkenBlendFilter.h */ = {isa = PBXFileReference; fileEncoding = 4; lastKnownFileType = sourcecode.c.h; path = GPUImageDarkenBlendFilter.h; sourceTree = "<group>"; };
		43CEEAA71D79294300B6C237 /* GPUImageDifferenceBlendFilter.h */ = {isa = PBXFileReference; fileEncoding = 4; lastKnownFileType = sourcecode.c.h; path = GPUImageDifferenceBlendFilter.h; sourceTree = "<group>"; };
		43CEEAA81D79294300B6C237 /* GPUImageDilationFilter.h */ = {isa = PBXFileReference; fileEncoding = 4; lastKnownFileType = sourcecode.c.h; path = GPUImageDilationFilter.h; sourceTree = "<group>"; };
		43CEEAA91D79294300B6C237 /* GPUImageDirectionalNonMaximumSuppressionFilter.h */ = {isa = PBXFileReference; fileEncoding = 4; lastKnownFileType = sourcecode.c.h; path = GPUImageDirectionalNonMaximumSuppressionFilter.h; sourceTree = "<group>"; };
		43CEEAAA1D79294300B6C237 /* GPUImageDirectionalSobelEdgeDetectionFilter.h */ = {isa = PBXFileReference; fileEncoding = 4; lastKnownFileType = sourcecode.c.h; path = GPUImageDirectionalSobelEdgeDetectionFilter.h; sourceTree = "<group>"; };
		43CEEAAB1D79294300B6C237 /* GPUImageDissolveBlendFilter.h */ = {isa = PBXFileReference; fileEncoding = 4; lastKnownFileType = sourcecode.c.h; path = GPUImageDissolveBlendFilter.h; sourceTree = "<group>"; };
		43CEEAAC1D79294300B6C237 /* GPUImageDivideBlendFilter.h */ = {isa = PBXFileReference; fileEncoding = 4; lastKnownFileType = sourcecode.c.h; path = GPUImageDivideBlendFilter.h; sourceTree = "<group>"; };
		43CEEAAD1D79294300B6C237 /* GPUImageEmbossFilter.h */ = {isa = PBXFileReference; fileEncoding = 4; lastKnownFileType = sourcecode.c.h; path = GPUImageEmbossFilter.h; sourceTree = "<group>"; };
		43CEEAAE1D79294300B6C237 /* GPUImageErosionFilter.h */ = {isa = PBXFileReference; fileEncoding = 4; lastKnownFileType = sourcecode.c.h; path = GPUImageErosionFilter.h; sourceTree = "<group>"; };
		43CEEAAF1D79294300B6C237 /* GPUImageExclusionBlendFilter.h */ = {isa = PBXFileReference; fileEncoding = 4; lastKnownFileType = sourcecode.c.h; path = GPUImageExclusionBlendFilter.h; sourceTree = "<group>"; };
		43CEEAB01D79294300B6C237 /* GPUImageExposureFilter.h */ = {isa = PBXFileReference; fileEncoding = 4; lastKnownFileType = sourcecode.c.h; path = GPUImageExposureFilter.h; sourceTree = "<group>"; };
		43CEEAB11D79294300B6C237 /* GPUImageFalseColorFilter.h */ = {isa = PBXFileReference; fileEncoding = 4; lastKnownFileType = sourcecode.c.h; path = GPUImageFalseColorFilter.h; sourceTree = "<group>"; };
		43CEEAB21D79294300B6C237 /* GPUImageFASTCornerDetectionFilter.h */ = {isa = PBXFileReference; fileEncoding = 4; lastKnownFileType = sourcecode.c.h; path = GPUImageFASTCornerDetectionFilter.h; sourceTree = "<group>"; };
		43CEEAB31D79294300B6C237 /* GPUImageFilter.h */ = {isa = PBXFileReference; fileEncoding = 4; lastKnownFileType = sourcecode.c.h; path = GPUImageFilter.h; sourceTree = "<group>"; };
		43CEEAB41D79294300B6C237 /* GPUImageFilterGroup.h */ = {isa = PBXFileReference; fileEncoding = 4; lastKnownFileType = sourcecode.c.h; path = GPUImageFilterGroup.h; sourceTree = "<group>"; };
		43CEEAB51D79294300B6C237 /* GPUImageFilterPipeline.h */ = {isa = PBXFileReference; fileEncoding = 4; lastKnownFileType = sourcecode.c.h; path = GPUImageFilterPipeline.h; sourceTree = "<group>"; };
		43CEEAB61D79294300B6C237 /* GPUImageFourInputFilter.h */ = {isa = PBXFileReference; fileEncoding = 4; lastKnownFileType = sourcecode.c.h; path = GPUImageFourInputFilter.h; sourceTree = "<group>"; };
		43CEEAB71D79294300B6C237 /* GPUImageFramebuffer.h */ = {isa = PBXFileReference; fileEncoding = 4; lastKnownFileType = sourcecode.c.h; path = GPUImageFramebuffer.h; sourceTree = "<group>"; };
		43CEEAB81D79294300B6C237 /* GPUImageFramebufferCache.h */ = {isa = PBXFileReference; fileEncoding = 4; lastKnownFileType = sourcecode.c.h; path = GPUImageFramebufferCache.h; sourceTree = "<group>"; };
		43CEEAB91D79294300B6C237 /* GPUImageFramework.h */ = {isa = PBXFileReference; fileEncoding = 4; lastKnownFileType = sourcecode.c.h; path = GPUImageFramework.h; sourceTree = "<group>"; };
		43CEEABA1D79294300B6C237 /* GPUImageGammaFilter.h */ = {isa = PBXFileReference; fileEncoding = 4; lastKnownFileType = sourcecode.c.h; path = GPUImageGammaFilter.h; sourceTree = "<group>"; };
		43CEEABB1D79294300B6C237 /* GPUImageGaussianBlurFilter.h */ = {isa = PBXFileReference; fileEncoding = 4; lastKnownFileType = sourcecode.c.h; path = GPUImageGaussianBlurFilter.h; sourceTree = "<group>"; };
		43CEEABC1D79294300B6C237 /* GPUImageGaussianBlurPositionFilter.h */ = {isa = PBXFileReference; fileEncoding = 4; lastKnownFileType = sourcecode.c.h; path = GPUImageGaussianBlurPositionFilter.h; sourceTree = "<group>"; };
		43CEEABD1D79294300B6C237 /* GPUImageGaussianSelectiveBlurFilter.h */ = {isa = PBXFileReference; fileEncoding = 4; lastKnownFileType = sourcecode.c.h; path = GPUImageGaussianSelectiveBlurFilter.h; sourceTree = "<group>"; };
		43CEEABE1D79294300B6C237 /* GPUImageGlassSphereFilter.h */ = {isa = PBXFileReference; fileEncoding = 4; lastKnownFileType = sourcecode.c.h; path = GPUImageGlassSphereFilter.h; sourceTree = "<group>"; };
		43CEEABF1D79294300B6C237 /* GPUImageGrayscaleFilter.h */ = {isa = PBXFileReference; fileEncoding = 4; lastKnownFileType = sourcecode.c.h; path = GPUImageGrayscaleFilter.h; sourceTree = "<group>"; };
		43CEEAC01D79294300B6C237 /* GPUImageHalftoneFilter.h */ = {isa = PBXFileReference; fileEncoding = 4; lastKnownFileType = sourcecode.c.h; path = GPUImageHalftoneFilter.h; sourceTree = "<group>"; };
		43CEEAC11D79294300B6C237 /* GPUImageHardLightBlendFilter.h */ = {isa = PBXFileReference; fileEncoding = 4; lastKnownFileType = sourcecode.c.h; path = GPUImageHardLightBlendFilter.h; sourceTree = "<group>"; };
		43CEEAC21D79294300B6C237 /* GPUImageHarrisCornerDetectionFilter.h */ = {isa = PBXFileReference; fileEncoding = 4; lastKnownFileType = sourcecode.c.h; path = GPUImageHarrisCornerDetectionFilter.h; sourceTree = "<group>"; };
		43CEEAC31D79294300B6C237 /* GPUImageHazeFilter.h */ = {isa = PBXFileReference; fileEncoding = 4; lastKnownFileType = sourcecode.c.h; path = GPUImageHazeFilter.h; sourceTree = "<group>"; };
		43CEEAC41D79294300B6C237 /* GPUImageHighlightShadowFilter.h */ = {isa = PBXFileReference; fileEncoding = 4; lastKnownFileType = sourcecode.c.h; path = GPUImageHighlightShadowFilter.h; sourceTree = "<group>"; };
		43CEEAC51D79294300B6C237 /* GPUImageHighlightShadowTintFilter.h */ = {isa = PBXFileReference; fileEncoding = 4; lastKnownFileType = sourcecode.c.h; path = GPUImageHighlightShadowTintFilter.h; sourceTree = "<group>"; };
		43CEEAC61D79294300B6C237 /* GPUImageHighPassFilter.h */ = {isa = PBXFileReference; fileEncoding = 4; lastKnownFileType = sourcecode.c.h; path = GPUImageHighPassFilter.h; sourceTree = "<group>"; };
		43CEEAC71D79294300B6C237 /* GPUImageHistogramEqualizationFilter.h */ = {isa = PBXFileReference; fileEncoding = 4; lastKnownFileType = sourcecode.c.h; path = GPUImageHistogramEqualizationFilter.h; sourceTree = "<group>"; };
		43CEEAC81D79294300B6C237 /* GPUImageHistogramFilter.h */ = {isa = PBXFileReference; fileEncoding = 4; lastKnownFileType = sourcecode.c.h; path = GPUImageHistogramFilter.h; sourceTree = "<group>"; };
		43CEEAC91D79294300B6C237 /* GPUImageHistogramGenerator.h */ = {isa = PBXFileReference; fileEncoding = 4; lastKnownFileType = sourcecode.c.h; path = GPUImageHistogramGenerator.h; sourceTree = "<group>"; };
		43CEEACA1D79294300B6C237 /* GPUImageHoughTransformLineDetector.h */ = {isa = PBXFileReference; fileEncoding = 4; lastKnownFileType = sourcecode.c.h; path = GPUImageHoughTransformLineDetector.h; sourceTree = "<group>"; };
		43CEEACB1D79294300B6C237 /* GPUImageHSBFilter.h */ = {isa = PBXFileReference; fileEncoding = 4; lastKnownFileType = sourcecode.c.h; path = GPUImageHSBFilter.h; sourceTree = "<group>"; };
		43CEEACC1D79294300B6C237 /* GPUImageHueBlendFilter.h */ = {isa = PBXFileReference; fileEncoding = 4; lastKnownFileType = sourcecode.c.h; path = GPUImageHueBlendFilter.h; sourceTree = "<group>"; };
		43CEEACD1D79294300B6C237 /* GPUImageHueFilter.h */ = {isa = PBXFileReference; fileEncoding = 4; lastKnownFileType = sourcecode.c.h; path = GPUImageHueFilter.h; sourceTree = "<group>"; };
		43CEEACE1D79294300B6C237 /* GPUImageiOSBlurFilter.h */ = {isa = PBXFileReference; fileEncoding = 4; lastKnownFileType = sourcecode.c.h; path = GPUImageiOSBlurFilter.h; sourceTree = "<group>"; };
		43CEEACF1D79294300B6C237 /* GPUImageJFAVoronoiFilter.h */ = {isa = PBXFileReference; fileEncoding = 4; lastKnownFileType = sourcecode.c.h; path = GPUImageJFAVoronoiFilter.h; sourceTree = "<group>"; };
		43CEEAD01D79294300B6C237 /* GPUImageKuwaharaFilter.h */ = {isa = PBXFileReference; fileEncoding = 4; lastKnownFileType = sourcecode.c.h; path = GPUImageKuwaharaFilter.h; sourceTree = "<group>"; };
		43CEEAD11D79294300B6C237 /* GPUImageKuwaharaRadius3Filter.h */ = {isa = PBXFileReference; fileEncoding = 4; lastKnownFileType = sourcecode.c.h; path = GPUImageKuwaharaRadius3Filter.h; sourceTree = "<group>"; };
		43CEEAD21D79294300B6C237 /* GPUImageLanczosResamplingFilter.h */ = {isa = PBXFileReference; fileEncoding = 4; lastKnownFileType = sourcecode.c.h; path = GPUImageLanczosResamplingFilter.h; sourceTree = "<group>"; };
		43CEEAD31D79294300B6C237 /* GPUImageLaplacianFilter.h */ = {isa = PBXFileReference; fileEncoding = 4; lastKnownFileType = sourcecode.c.h; path = GPUImageLaplacianFilter.h; sourceTree = "<group>"; };
		43CEEAD41D79294300B6C237 /* GPUImageLevelsFilter.h */ = {isa = PBXFileReference; fileEncoding = 4; lastKnownFileType = sourcecode.c.h; path = GPUImageLevelsFilter.h; sourceTree = "<group>"; };
		43CEEAD51D79294300B6C237 /* GPUImageLightenBlendFilter.h */ = {isa = PBXFileReference; fileEncoding = 4; lastKnownFileType = sourcecode.c.h; path = GPUImageLightenBlendFilter.h; sourceTree = "<group>"; };
		43CEEAD61D79294300B6C237 /* GPUImageLinearBurnBlendFilter.h */ = {isa = PBXFileReference; fileEncoding = 4; lastKnownFileType = sourcecode.c.h; path = GPUImageLinearBurnBlendFilter.h; sourceTree = "<group>"; };
		43CEEAD71D79294300B6C237 /* GPUImageLineGenerator.h */ = {isa = PBXFileReference; fileEncoding = 4; lastKnownFileType = sourcecode.c.h; path = GPUImageLineGenerator.h; sourceTree = "<group>"; };
		43CEEAD81D79294300B6C237 /* GPUImageLocalBinaryPatternFilter.h */ = {isa = PBXFileReference; fileEncoding = 4; lastKnownFileType = sourcecode.c.h; path = GPUImageLocalBinaryPatternFilter.h; sourceTree = "<group>"; };
		43CEEAD91D79294300B6C237 /* GPUImageLookupFilter.h */ = {isa = PBXFileReference; fileEncoding = 4; lastKnownFileType = sourcecode.c.h; path = GPUImageLookupFilter.h; sourceTree = "<group>"; };
		43CEEADA1D79294300B6C237 /* GPUImageLowPassFilter.h */ = {isa = PBXFileReference; fileEncoding = 4; lastKnownFileType = sourcecode.c.h; path = GPUImageLowPassFilter.h; sourceTree = "<group>"; };
		43CEEADB1D79294300B6C237 /* GPUImageLuminanceRangeFilter.h */ = {isa = PBXFileReference; fileEncoding = 4; lastKnownFileType = sourcecode.c.h; path = GPUImageLuminanceRangeFilter.h; sourceTree = "<group>"; };
		43CEEADC1D79294300B6C237 /* GPUImageLuminanceThresholdFilter.h */ = {isa = PBXFileReference; fileEncoding = 4; lastKnownFileType = sourcecode.c.h; path = GPUImageLuminanceThresholdFilter.h; sourceTree = "<group>"; };
		43CEEADD1D79294300B6C237 /* GPUImageLuminosity.h */ = {isa = PBXFileReference; fileEncoding = 4; lastKnownFileType = sourcecode.c.h; path = GPUImageLuminosity.h; sourceTree = "<group>"; };
		43CEEADE1D79294300B6C237 /* GPUImageLuminosityBlendFilter.h */ = {isa = PBXFileReference; fileEncoding = 4; lastKnownFileType = sourcecode.c.h; path = GPUImageLuminosityBlendFilter.h; sourceTree = "<group>"; };
		43CEEADF1D79294300B6C237 /* GPUImageMaskFilter.h */ = {isa = PBXFileReference; fileEncoding = 4; lastKnownFileType = sourcecode.c.h; path = GPUImageMaskFilter.h; sourceTree = "<group>"; };
		43CEEAE01D79294300B6C237 /* GPUImageMedianFilter.h */ = {isa = PBXFileReference; fileEncoding = 4; lastKnownFileType = sourcecode.c.h; path = GPUImageMedianFilter.h; sourceTree = "<group>"; };
		43CEEAE11D79294300B6C237 /* GPUImageMissEtikateFilter.h */ = {isa = PBXFileReference; fileEncoding = 4; lastKnownFileType = sourcecode.c.h; path = GPUImageMissEtikateFilter.h; sourceTree = "<group>"; };
		43CEEAE21D79294300B6C237 /* GPUImageMonochromeFilter.h */ = {isa = PBXFileReference; fileEncoding = 4; lastKnownFileType = sourcecode.c.h; path = GPUImageMonochromeFilter.h; sourceTree = "<group>"; };
		43CEEAE31D79294300B6C237 /* GPUImageMosaicFilter.h */ = {isa = PBXFileReference; fileEncoding = 4; lastKnownFileType = sourcecode.c.h; path = GPUImageMosaicFilter.h; sourceTree = "<group>"; };
		43CEEAE41D79294300B6C237 /* GPUImageMotionBlurFilter.h */ = {isa = PBXFileReference; fileEncoding = 4; lastKnownFileType = sourcecode.c.h; path = GPUImageMotionBlurFilter.h; sourceTree = "<group>"; };
		43CEEAE51D79294300B6C237 /* GPUImageMotionDetector.h */ = {isa = PBXFileReference; fileEncoding = 4; lastKnownFileType = sourcecode.c.h; path = GPUImageMotionDetector.h; sourceTree = "<group>"; };
		43CEEAE61D79294300B6C237 /* GPUImageMovie.h */ = {isa = PBXFileReference; fileEncoding = 4; lastKnownFileType = sourcecode.c.h; path = GPUImageMovie.h; sourceTree = "<group>"; };
		43CEEAE71D79294300B6C237 /* GPUImageMovieComposition.h */ = {isa = PBXFileReference; fileEncoding = 4; lastKnownFileType = sourcecode.c.h; path = GPUImageMovieComposition.h; sourceTree = "<group>"; };
		43CEEAE81D79294300B6C237 /* GPUImageMovieWriter.h */ = {isa = PBXFileReference; fileEncoding = 4; lastKnownFileType = sourcecode.c.h; path = GPUImageMovieWriter.h; sourceTree = "<group>"; };
		43CEEAE91D79294300B6C237 /* GPUImageMultiplyBlendFilter.h */ = {isa = PBXFileReference; fileEncoding = 4; lastKnownFileType = sourcecode.c.h; path = GPUImageMultiplyBlendFilter.h; sourceTree = "<group>"; };
		43CEEAEA1D79294300B6C237 /* GPUImageNobleCornerDetectionFilter.h */ = {isa = PBXFileReference; fileEncoding = 4; lastKnownFileType = sourcecode.c.h; path = GPUImageNobleCornerDetectionFilter.h; sourceTree = "<group>"; };
		43CEEAEB1D79294300B6C237 /* GPUImageNonMaximumSuppressionFilter.h */ = {isa = PBXFileReference; fileEncoding = 4; lastKnownFileType = sourcecode.c.h; path = GPUImageNonMaximumSuppressionFilter.h; sourceTree = "<group>"; };
		43CEEAEC1D79294300B6C237 /* GPUImageNormalBlendFilter.h */ = {isa = PBXFileReference; fileEncoding = 4; lastKnownFileType = sourcecode.c.h; path = GPUImageNormalBlendFilter.h; sourceTree = "<group>"; };
		43CEEAED1D79294300B6C237 /* GPUImageOpacityFilter.h */ = {isa = PBXFileReference; fileEncoding = 4; lastKnownFileType = sourcecode.c.h; path = GPUImageOpacityFilter.h; sourceTree = "<group>"; };
		43CEEAEE1D79294300B6C237 /* GPUImageOpeningFilter.h */ = {isa = PBXFileReference; fileEncoding = 4; lastKnownFileType = sourcecode.c.h; path = GPUImageOpeningFilter.h; sourceTree = "<group>"; };
		43CEEAEF1D79294300B6C237 /* GPUImageOutput.h */ = {isa = PBXFileReference; fileEncoding = 4; lastKnownFileType = sourcecode.c.h; path = GPUImageOutput.h; sourceTree = "<group>"; };
		43CEEAF01D79294300B6C237 /* GPUImageOverlayBlendFilter.h */ = {isa = PBXFileReference; fileEncoding = 4; lastKnownFileType = sourcecode.c.h; path = GPUImageOverlayBlendFilter.h; sourceTree = "<group>"; };
		43CEEAF11D79294300B6C237 /* GPUImageParallelCoordinateLineTransformFilter.h */ = {isa = PBXFileReference; fileEncoding = 4; lastKnownFileType = sourcecode.c.h; path = GPUImageParallelCoordinateLineTransformFilter.h; sourceTree = "<group>"; };
		43CEEAF21D79294300B6C237 /* GPUImagePerlinNoiseFilter.h */ = {isa = PBXFileReference; fileEncoding = 4; lastKnownFileType = sourcecode.c.h; path = GPUImagePerlinNoiseFilter.h; sourceTree = "<group>"; };
		43CEEAF31D79294300B6C237 /* GPUImagePicture+TextureSubimage.h */ = {isa = PBXFileReference; fileEncoding = 4; lastKnownFileType = sourcecode.c.h; path = "GPUImagePicture+TextureSubimage.h"; sourceTree = "<group>"; };
		43CEEAF41D79294300B6C237 /* GPUImagePicture.h */ = {isa = PBXFileReference; fileEncoding = 4; lastKnownFileType = sourcecode.c.h; path = GPUImagePicture.h; sourceTree = "<group>"; };
		43CEEAF51D79294300B6C237 /* GPUImagePinchDistortionFilter.h */ = {isa = PBXFileReference; fileEncoding = 4; lastKnownFileType = sourcecode.c.h; path = GPUImagePinchDistortionFilter.h; sourceTree = "<group>"; };
		43CEEAF61D79294300B6C237 /* GPUImagePixellateFilter.h */ = {isa = PBXFileReference; fileEncoding = 4; lastKnownFileType = sourcecode.c.h; path = GPUImagePixellateFilter.h; sourceTree = "<group>"; };
		43CEEAF71D79294300B6C237 /* GPUImagePixellatePositionFilter.h */ = {isa = PBXFileReference; fileEncoding = 4; lastKnownFileType = sourcecode.c.h; path = GPUImagePixellatePositionFilter.h; sourceTree = "<group>"; };
		43CEEAF81D79294300B6C237 /* GPUImagePoissonBlendFilter.h */ = {isa = PBXFileReference; fileEncoding = 4; lastKnownFileType = sourcecode.c.h; path = GPUImagePoissonBlendFilter.h; sourceTree = "<group>"; };
		43CEEAF91D79294300B6C237 /* GPUImagePolarPixellateFilter.h */ = {isa = PBXFileReference; fileEncoding = 4; lastKnownFileType = sourcecode.c.h; path = GPUImagePolarPixellateFilter.h; sourceTree = "<group>"; };
		43CEEAFA1D79294300B6C237 /* GPUImagePolkaDotFilter.h */ = {isa = PBXFileReference; fileEncoding = 4; lastKnownFileType = sourcecode.c.h; path = GPUImagePolkaDotFilter.h; sourceTree = "<group>"; };
		43CEEAFB1D79294300B6C237 /* GPUImagePosterizeFilter.h */ = {isa = PBXFileReference; fileEncoding = 4; lastKnownFileType = sourcecode.c.h; path = GPUImagePosterizeFilter.h; sourceTree = "<group>"; };
		43CEEAFC1D79294300B6C237 /* GPUImagePrewittEdgeDetectionFilter.h */ = {isa = PBXFileReference; fileEncoding = 4; lastKnownFileType = sourcecode.c.h; path = GPUImagePrewittEdgeDetectionFilter.h; sourceTree = "<group>"; };
		43CEEAFD1D79294300B6C237 /* GPUImageRawDataInput.h */ = {isa = PBXFileReference; fileEncoding = 4; lastKnownFileType = sourcecode.c.h; path = GPUImageRawDataInput.h; sourceTree = "<group>"; };
		43CEEAFE1D79294300B6C237 /* GPUImageRawDataOutput.h */ = {isa = PBXFileReference; fileEncoding = 4; lastKnownFileType = sourcecode.c.h; path = GPUImageRawDataOutput.h; sourceTree = "<group>"; };
		43CEEAFF1D79294300B6C237 /* GPUImageRGBClosingFilter.h */ = {isa = PBXFileReference; fileEncoding = 4; lastKnownFileType = sourcecode.c.h; path = GPUImageRGBClosingFilter.h; sourceTree = "<group>"; };
		43CEEB001D79294300B6C237 /* GPUImageRGBDilationFilter.h */ = {isa = PBXFileReference; fileEncoding = 4; lastKnownFileType = sourcecode.c.h; path = GPUImageRGBDilationFilter.h; sourceTree = "<group>"; };
		43CEEB011D79294300B6C237 /* GPUImageRGBErosionFilter.h */ = {isa = PBXFileReference; fileEncoding = 4; lastKnownFileType = sourcecode.c.h; path = GPUImageRGBErosionFilter.h; sourceTree = "<group>"; };
		43CEEB021D79294300B6C237 /* GPUImageRGBFilter.h */ = {isa = PBXFileReference; fileEncoding = 4; lastKnownFileType = sourcecode.c.h; path = GPUImageRGBFilter.h; sourceTree = "<group>"; };
		43CEEB031D79294300B6C237 /* GPUImageRGBOpeningFilter.h */ = {isa = PBXFileReference; fileEncoding = 4; lastKnownFileType = sourcecode.c.h; path = GPUImageRGBOpeningFilter.h; sourceTree = "<group>"; };
		43CEEB041D79294300B6C237 /* GPUImageSaturationBlendFilter.h */ = {isa = PBXFileReference; fileEncoding = 4; lastKnownFileType = sourcecode.c.h; path = GPUImageSaturationBlendFilter.h; sourceTree = "<group>"; };
		43CEEB051D79294300B6C237 /* GPUImageSaturationFilter.h */ = {isa = PBXFileReference; fileEncoding = 4; lastKnownFileType = sourcecode.c.h; path = GPUImageSaturationFilter.h; sourceTree = "<group>"; };
		43CEEB061D79294300B6C237 /* GPUImageScreenBlendFilter.h */ = {isa = PBXFileReference; fileEncoding = 4; lastKnownFileType = sourcecode.c.h; path = GPUImageScreenBlendFilter.h; sourceTree = "<group>"; };
		43CEEB071D79294300B6C237 /* GPUImageSepiaFilter.h */ = {isa = PBXFileReference; fileEncoding = 4; lastKnownFileType = sourcecode.c.h; path = GPUImageSepiaFilter.h; sourceTree = "<group>"; };
		43CEEB081D79294300B6C237 /* GPUImageSharpenFilter.h */ = {isa = PBXFileReference; fileEncoding = 4; lastKnownFileType = sourcecode.c.h; path = GPUImageSharpenFilter.h; sourceTree = "<group>"; };
		43CEEB091D79294300B6C237 /* GPUImageShiTomasiFeatureDetectionFilter.h */ = {isa = PBXFileReference; fileEncoding = 4; lastKnownFileType = sourcecode.c.h; path = GPUImageShiTomasiFeatureDetectionFilter.h; sourceTree = "<group>"; };
		43CEEB0A1D79294300B6C237 /* GPUImageSingleComponentGaussianBlurFilter.h */ = {isa = PBXFileReference; fileEncoding = 4; lastKnownFileType = sourcecode.c.h; path = GPUImageSingleComponentGaussianBlurFilter.h; sourceTree = "<group>"; };
		43CEEB0B1D79294400B6C237 /* GPUImageSketchFilter.h */ = {isa = PBXFileReference; fileEncoding = 4; lastKnownFileType = sourcecode.c.h; path = GPUImageSketchFilter.h; sourceTree = "<group>"; };
		43CEEB0C1D79294400B6C237 /* GPUImageSkinToneFilter.h */ = {isa = PBXFileReference; fileEncoding = 4; lastKnownFileType = sourcecode.c.h; path = GPUImageSkinToneFilter.h; sourceTree = "<group>"; };
		43CEEB0D1D79294400B6C237 /* GPUImageSmoothToonFilter.h */ = {isa = PBXFileReference; fileEncoding = 4; lastKnownFileType = sourcecode.c.h; path = GPUImageSmoothToonFilter.h; sourceTree = "<group>"; };
		43CEEB0E1D79294400B6C237 /* GPUImageSobelEdgeDetectionFilter.h */ = {isa = PBXFileReference; fileEncoding = 4; lastKnownFileType = sourcecode.c.h; path = GPUImageSobelEdgeDetectionFilter.h; sourceTree = "<group>"; };
		43CEEB0F1D79294400B6C237 /* GPUImageSoftEleganceFilter.h */ = {isa = PBXFileReference; fileEncoding = 4; lastKnownFileType = sourcecode.c.h; path = GPUImageSoftEleganceFilter.h; sourceTree = "<group>"; };
		43CEEB101D79294400B6C237 /* GPUImageSoftLightBlendFilter.h */ = {isa = PBXFileReference; fileEncoding = 4; lastKnownFileType = sourcecode.c.h; path = GPUImageSoftLightBlendFilter.h; sourceTree = "<group>"; };
		43CEEB111D79294400B6C237 /* GPUImageSolarizeFilter.h */ = {isa = PBXFileReference; fileEncoding = 4; lastKnownFileType = sourcecode.c.h; path = GPUImageSolarizeFilter.h; sourceTree = "<group>"; };
		43CEEB121D79294400B6C237 /* GPUImageSolidColorGenerator.h */ = {isa = PBXFileReference; fileEncoding = 4; lastKnownFileType = sourcecode.c.h; path = GPUImageSolidColorGenerator.h; sourceTree = "<group>"; };
		43CEEB131D79294400B6C237 /* GPUImageSourceOverBlendFilter.h */ = {isa = PBXFileReference; fileEncoding = 4; lastKnownFileType = sourcecode.c.h; path = GPUImageSourceOverBlendFilter.h; sourceTree = "<group>"; };
		43CEEB141D79294400B6C237 /* GPUImageSphereRefractionFilter.h */ = {isa = PBXFileReference; fileEncoding = 4; lastKnownFileType = sourcecode.c.h; path = GPUImageSphereRefractionFilter.h; sourceTree = "<group>"; };
		43CEEB151D79294400B6C237 /* GPUImageStillCamera.h */ = {isa = PBXFileReference; fileEncoding = 4; lastKnownFileType = sourcecode.c.h; path = GPUImageStillCamera.h; sourceTree = "<group>"; };
		43CEEB161D79294400B6C237 /* GPUImageStretchDistortionFilter.h */ = {isa = PBXFileReference; fileEncoding = 4; lastKnownFileType = sourcecode.c.h; path = GPUImageStretchDistortionFilter.h; sourceTree = "<group>"; };
		43CEEB171D79294400B6C237 /* GPUImageSubtractBlendFilter.h */ = {isa = PBXFileReference; fileEncoding = 4; lastKnownFileType = sourcecode.c.h; path = GPUImageSubtractBlendFilter.h; sourceTree = "<group>"; };
		43CEEB181D79294400B6C237 /* GPUImageSwirlFilter.h */ = {isa = PBXFileReference; fileEncoding = 4; lastKnownFileType = sourcecode.c.h; path = GPUImageSwirlFilter.h; sourceTree = "<group>"; };
		43CEEB191D79294400B6C237 /* GPUImageTextureInput.h */ = {isa = PBXFileReference; fileEncoding = 4; lastKnownFileType = sourcecode.c.h; path = GPUImageTextureInput.h; sourceTree = "<group>"; };
		43CEEB1A1D79294400B6C237 /* GPUImageTextureOutput.h */ = {isa = PBXFileReference; fileEncoding = 4; lastKnownFileType = sourcecode.c.h; path = GPUImageTextureOutput.h; sourceTree = "<group>"; };
		43CEEB1B1D79294400B6C237 /* GPUImageThreeInputFilter.h */ = {isa = PBXFileReference; fileEncoding = 4; lastKnownFileType = sourcecode.c.h; path = GPUImageThreeInputFilter.h; sourceTree = "<group>"; };
		43CEEB1C1D79294400B6C237 /* GPUImageThresholdEdgeDetectionFilter.h */ = {isa = PBXFileReference; fileEncoding = 4; lastKnownFileType = sourcecode.c.h; path = GPUImageThresholdEdgeDetectionFilter.h; sourceTree = "<group>"; };
		43CEEB1D1D79294400B6C237 /* GPUImageThresholdedNonMaximumSuppressionFilter.h */ = {isa = PBXFileReference; fileEncoding = 4; lastKnownFileType = sourcecode.c.h; path = GPUImageThresholdedNonMaximumSuppressionFilter.h; sourceTree = "<group>"; };
		43CEEB1E1D79294400B6C237 /* GPUImageThresholdSketchFilter.h */ = {isa = PBXFileReference; fileEncoding = 4; lastKnownFileType = sourcecode.c.h; path = GPUImageThresholdSketchFilter.h; sourceTree = "<group>"; };
		43CEEB1F1D79294400B6C237 /* GPUImageTiltShiftFilter.h */ = {isa = PBXFileReference; fileEncoding = 4; lastKnownFileType = sourcecode.c.h; path = GPUImageTiltShiftFilter.h; sourceTree = "<group>"; };
		43CEEB201D79294400B6C237 /* GPUImageToneCurveFilter.h */ = {isa = PBXFileReference; fileEncoding = 4; lastKnownFileType = sourcecode.c.h; path = GPUImageToneCurveFilter.h; sourceTree = "<group>"; };
		43CEEB211D79294400B6C237 /* GPUImageToonFilter.h */ = {isa = PBXFileReference; fileEncoding = 4; lastKnownFileType = sourcecode.c.h; path = GPUImageToonFilter.h; sourceTree = "<group>"; };
		43CEEB221D79294400B6C237 /* GPUImageTransformFilter.h */ = {isa = PBXFileReference; fileEncoding = 4; lastKnownFileType = sourcecode.c.h; path = GPUImageTransformFilter.h; sourceTree = "<group>"; };
		43CEEB231D79294400B6C237 /* GPUImageTwoInputCrossTextureSamplingFilter.h */ = {isa = PBXFileReference; fileEncoding = 4; lastKnownFileType = sourcecode.c.h; path = GPUImageTwoInputCrossTextureSamplingFilter.h; sourceTree = "<group>"; };
		43CEEB241D79294400B6C237 /* GPUImageTwoInputFilter.h */ = {isa = PBXFileReference; fileEncoding = 4; lastKnownFileType = sourcecode.c.h; path = GPUImageTwoInputFilter.h; sourceTree = "<group>"; };
		43CEEB251D79294400B6C237 /* GPUImageTwoPassFilter.h */ = {isa = PBXFileReference; fileEncoding = 4; lastKnownFileType = sourcecode.c.h; path = GPUImageTwoPassFilter.h; sourceTree = "<group>"; };
		43CEEB261D79294400B6C237 /* GPUImageTwoPassTextureSamplingFilter.h */ = {isa = PBXFileReference; fileEncoding = 4; lastKnownFileType = sourcecode.c.h; path = GPUImageTwoPassTextureSamplingFilter.h; sourceTree = "<group>"; };
		43CEEB271D79294400B6C237 /* GPUImageUIElement.h */ = {isa = PBXFileReference; fileEncoding = 4; lastKnownFileType = sourcecode.c.h; path = GPUImageUIElement.h; sourceTree = "<group>"; };
		43CEEB281D79294400B6C237 /* GPUImageUnsharpMaskFilter.h */ = {isa = PBXFileReference; fileEncoding = 4; lastKnownFileType = sourcecode.c.h; path = GPUImageUnsharpMaskFilter.h; sourceTree = "<group>"; };
		43CEEB291D79294400B6C237 /* GPUImageVibranceFilter.h */ = {isa = PBXFileReference; fileEncoding = 4; lastKnownFileType = sourcecode.c.h; path = GPUImageVibranceFilter.h; sourceTree = "<group>"; };
		43CEEB2A1D79294400B6C237 /* GPUImageVideoCamera.h */ = {isa = PBXFileReference; fileEncoding = 4; lastKnownFileType = sourcecode.c.h; path = GPUImageVideoCamera.h; sourceTree = "<group>"; };
		43CEEB2B1D79294400B6C237 /* GPUImageView.h */ = {isa = PBXFileReference; fileEncoding = 4; lastKnownFileType = sourcecode.c.h; path = GPUImageView.h; sourceTree = "<group>"; };
		43CEEB2C1D79294400B6C237 /* GPUImageVignetteFilter.h */ = {isa = PBXFileReference; fileEncoding = 4; lastKnownFileType = sourcecode.c.h; path = GPUImageVignetteFilter.h; sourceTree = "<group>"; };
		43CEEB2D1D79294400B6C237 /* GPUImageVoronoiConsumerFilter.h */ = {isa = PBXFileReference; fileEncoding = 4; lastKnownFileType = sourcecode.c.h; path = GPUImageVoronoiConsumerFilter.h; sourceTree = "<group>"; };
		43CEEB2E1D79294400B6C237 /* GPUImageWeakPixelInclusionFilter.h */ = {isa = PBXFileReference; fileEncoding = 4; lastKnownFileType = sourcecode.c.h; path = GPUImageWeakPixelInclusionFilter.h; sourceTree = "<group>"; };
		43CEEB2F1D79294400B6C237 /* GPUImageWhiteBalanceFilter.h */ = {isa = PBXFileReference; fileEncoding = 4; lastKnownFileType = sourcecode.c.h; path = GPUImageWhiteBalanceFilter.h; sourceTree = "<group>"; };
		43CEEB301D79294400B6C237 /* GPUImageXYDerivativeFilter.h */ = {isa = PBXFileReference; fileEncoding = 4; lastKnownFileType = sourcecode.c.h; path = GPUImageXYDerivativeFilter.h; sourceTree = "<group>"; };
		43CEEB311D79294400B6C237 /* GPUImageZoomBlurFilter.h */ = {isa = PBXFileReference; fileEncoding = 4; lastKnownFileType = sourcecode.c.h; path = GPUImageZoomBlurFilter.h; sourceTree = "<group>"; };
		43CEEB321D79294400B6C237 /* libGPUImage.a */ = {isa = PBXFileReference; lastKnownFileType = archive.ar; path = libGPUImage.a; sourceTree = "<group>"; };
		43CEEB351D79294900B6C237 /* NSObject+KVO.h */ = {isa = PBXFileReference; fileEncoding = 4; lastKnownFileType = sourcecode.c.h; path = "NSObject+KVO.h"; sourceTree = "<group>"; };
		43CEEB361D79294900B6C237 /* NSObject+KVO.m */ = {isa = PBXFileReference; fileEncoding = 4; lastKnownFileType = sourcecode.c.objc; path = "NSObject+KVO.m"; sourceTree = "<group>"; };
		43CEEB371D79294900B6C237 /* NSString+FileSize.h */ = {isa = PBXFileReference; fileEncoding = 4; lastKnownFileType = sourcecode.c.h; path = "NSString+FileSize.h"; sourceTree = "<group>"; };
		43CEEB381D79294900B6C237 /* NSString+FileSize.m */ = {isa = PBXFileReference; fileEncoding = 4; lastKnownFileType = sourcecode.c.objc; path = "NSString+FileSize.m"; sourceTree = "<group>"; };
		43CEEB3C1D7929A000B6C237 /* JKRVideoEditView.h */ = {isa = PBXFileReference; fileEncoding = 4; lastKnownFileType = sourcecode.c.h; path = JKRVideoEditView.h; sourceTree = "<group>"; };
		43CEEB3D1D7929A000B6C237 /* JKRVideoEditView.m */ = {isa = PBXFileReference; fileEncoding = 4; lastKnownFileType = sourcecode.c.objc; path = JKRVideoEditView.m; sourceTree = "<group>"; };
		43CEEB3F1D792AAA00B6C237 /* MobileCoreServices.framework */ = {isa = PBXFileReference; lastKnownFileType = wrapper.framework; name = MobileCoreServices.framework; path = System/Library/Frameworks/MobileCoreServices.framework; sourceTree = SDKROOT; };
		43CEEB411D792AB300B6C237 /* QuartzCore.framework */ = {isa = PBXFileReference; lastKnownFileType = wrapper.framework; name = QuartzCore.framework; path = System/Library/Frameworks/QuartzCore.framework; sourceTree = SDKROOT; };
		43CEEB431D792ABA00B6C237 /* OpenGLES.framework */ = {isa = PBXFileReference; lastKnownFileType = wrapper.framework; name = OpenGLES.framework; path = System/Library/Frameworks/OpenGLES.framework; sourceTree = SDKROOT; };
		43CEEB451D792AC200B6C237 /* CoreVideo.framework */ = {isa = PBXFileReference; lastKnownFileType = wrapper.framework; name = CoreVideo.framework; path = System/Library/Frameworks/CoreVideo.framework; sourceTree = SDKROOT; };
		43CEEB471D792AC800B6C237 /* CoreMedia.framework */ = {isa = PBXFileReference; lastKnownFileType = wrapper.framework; name = CoreMedia.framework; path = System/Library/Frameworks/CoreMedia.framework; sourceTree = SDKROOT; };
		43CEEB491D792BDC00B6C237 /* JKRVideoBackGroundView.h */ = {isa = PBXFileReference; fileEncoding = 4; lastKnownFileType = sourcecode.c.h; path = JKRVideoBackGroundView.h; sourceTree = "<group>"; };
		43CEEB4A1D792BDC00B6C237 /* JKRVideoBackGroundView.m */ = {isa = PBXFileReference; fileEncoding = 4; lastKnownFileType = sourcecode.c.objc; path = JKRVideoBackGroundView.m; sourceTree = "<group>"; };
		43CEEB4C1D79862D00B6C237 /* back.mp3 */ = {isa = PBXFileReference; lastKnownFileType = audio.mp3; path = back.mp3; sourceTree = "<group>"; };
		FA3CD00A1F7143D1005A0CCD /* CoreMotion.framework */ = {isa = PBXFileReference; lastKnownFileType = wrapper.framework; name = CoreMotion.framework; path = System/Library/Frameworks/CoreMotion.framework; sourceTree = SDKROOT; };
/* End PBXFileReference section */

/* Begin PBXFrameworksBuildPhase section */
		43CEE9DC1D76D36F00B6C237 /* Frameworks */ = {
			isa = PBXFrameworksBuildPhase;
			buildActionMask = 2147483647;
			files = (
				FA3CD00B1F7143D1005A0CCD /* CoreMotion.framework in Frameworks */,
				43CEEB481D792AC800B6C237 /* CoreMedia.framework in Frameworks */,
				43CEEB461D792AC200B6C237 /* CoreVideo.framework in Frameworks */,
				43CEEB441D792ABA00B6C237 /* OpenGLES.framework in Frameworks */,
				43CEEB421D792AB300B6C237 /* QuartzCore.framework in Frameworks */,
				43CEEB401D792AAA00B6C237 /* MobileCoreServices.framework in Frameworks */,
				43CEEB331D79294400B6C237 /* libGPUImage.a in Frameworks */,
			);
			runOnlyForDeploymentPostprocessing = 0;
		};
		43CEE9F51D76D37000B6C237 /* Frameworks */ = {
			isa = PBXFrameworksBuildPhase;
			buildActionMask = 2147483647;
			files = (
			);
			runOnlyForDeploymentPostprocessing = 0;
		};
		43CEEA001D76D37000B6C237 /* Frameworks */ = {
			isa = PBXFrameworksBuildPhase;
			buildActionMask = 2147483647;
			files = (
			);
			runOnlyForDeploymentPostprocessing = 0;
		};
/* End PBXFrameworksBuildPhase section */

/* Begin PBXGroup section */
		43CEE9D61D76D36F00B6C237 = {
			isa = PBXGroup;
			children = (
				43CEEB471D792AC800B6C237 /* CoreMedia.framework */,
				43CEEB451D792AC200B6C237 /* CoreVideo.framework */,
				43CEEB431D792ABA00B6C237 /* OpenGLES.framework */,
				43CEEB411D792AB300B6C237 /* QuartzCore.framework */,
				43CEEB3F1D792AAA00B6C237 /* MobileCoreServices.framework */,
				43CEE9E11D76D36F00B6C237 /* JKRAVCameraDemo */,
				43CEE9FB1D76D37000B6C237 /* JKRAVCameraDemoTests */,
				43CEEA061D76D37000B6C237 /* JKRAVCameraDemoUITests */,
				43CEE9E01D76D36F00B6C237 /* Products */,
				FA3CD0091F7143D0005A0CCD /* Frameworks */,
			);
			sourceTree = "<group>";
		};
		43CEE9E01D76D36F00B6C237 /* Products */ = {
			isa = PBXGroup;
			children = (
				43CEE9DF1D76D36F00B6C237 /* JKRAVCameraDemo.app */,
				43CEE9F81D76D37000B6C237 /* JKRAVCameraDemoTests.xctest */,
				43CEEA031D76D37000B6C237 /* JKRAVCameraDemoUITests.xctest */,
			);
			name = Products;
			sourceTree = "<group>";
		};
		43CEE9E11D76D36F00B6C237 /* JKRAVCameraDemo */ = {
			isa = PBXGroup;
			children = (
				43CEE9E51D76D36F00B6C237 /* AppDelegate.h */,
				43CEE9E61D76D36F00B6C237 /* AppDelegate.m */,
				43CEE9E81D76D36F00B6C237 /* ViewController.h */,
				43CEE9E91D76D36F00B6C237 /* ViewController.m */,
				43CEEA741D790BF200B6C237 /* PrefixHeader.pch */,
				43CEEA681D783B5200B6C237 /* JKRMenuViewController.h */,
				43CEEA691D783B5200B6C237 /* JKRMenuViewController.m */,
				05314E4A1DBB902B0047BA49 /* JKRMenuTableViewCell.h */,
				05314E4B1DBB902B0047BA49 /* JKRMenuTableViewCell.m */,
				43CEEA6E1D783BD500B6C237 /* JKREditViewController.h */,
				43CEEA6F1D783BD500B6C237 /* JKREditViewController.m */,
				43CEEA711D783CA300B6C237 /* JKRVideosManager.h */,
				43CEEA721D783CA300B6C237 /* JKRVideosManager.m */,
				43CEE9EB1D76D36F00B6C237 /* Main.storyboard */,
				43CEEB4C1D79862D00B6C237 /* back.mp3 */,
				43CEEA751D79293D00B6C237 /* CameraView */,
				43CEEB3B1D79294F00B6C237 /* VideoEditView */,
				43CEEB341D79294900B6C237 /* Utility */,
				43CEEA821D79294300B6C237 /* GUImage */,
				43CEE9EE1D76D37000B6C237 /* Assets.xcassets */,
				43CEE9F01D76D37000B6C237 /* LaunchScreen.storyboard */,
				43CEE9F31D76D37000B6C237 /* Info.plist */,
				43CEE9E21D76D36F00B6C237 /* Supporting Files */,
			);
			path = JKRAVCameraDemo;
			sourceTree = "<group>";
		};
		43CEE9E21D76D36F00B6C237 /* Supporting Files */ = {
			isa = PBXGroup;
			children = (
				43CEE9E31D76D36F00B6C237 /* main.m */,
			);
			name = "Supporting Files";
			sourceTree = "<group>";
		};
		43CEE9FB1D76D37000B6C237 /* JKRAVCameraDemoTests */ = {
			isa = PBXGroup;
			children = (
				43CEE9FC1D76D37000B6C237 /* JKRAVCameraDemoTests.m */,
				43CEE9FE1D76D37000B6C237 /* Info.plist */,
			);
			path = JKRAVCameraDemoTests;
			sourceTree = "<group>";
		};
		43CEEA061D76D37000B6C237 /* JKRAVCameraDemoUITests */ = {
			isa = PBXGroup;
			children = (
				43CEEA071D76D37000B6C237 /* JKRAVCameraDemoUITests.m */,
				43CEEA091D76D37000B6C237 /* Info.plist */,
			);
			path = JKRAVCameraDemoUITests;
			sourceTree = "<group>";
		};
		43CEEA751D79293D00B6C237 /* CameraView */ = {
			isa = PBXGroup;
			children = (
				43CEEA7C1D79293D00B6C237 /* JKRCameraView.h */,
				43CEEA7D1D79293D00B6C237 /* JKRCameraView.m */,
				43CEEA761D79293D00B6C237 /* JKRCameraBackgroundView.h */,
				43CEEA771D79293D00B6C237 /* JKRCameraBackgroundView.m */,
				05314E4D1DBBA9A20047BA49 /* JKRCameraTipView.h */,
				05314E4E1DBBA9A20047BA49 /* JKRCameraTipView.m */,
				43CEEA7A1D79293D00B6C237 /* JKRCameraProgressView.h */,
				43CEEA7B1D79293D00B6C237 /* JKRCameraProgressView.m */,
				05EFF07B1DBB812A00E400C4 /* JKRCameraSliderView.h */,
				05EFF07C1DBB812A00E400C4 /* JKRCameraSliderView.m */,
				43CEEA781D79293D00B6C237 /* JKRCameraProgressHistoryLayer.h */,
				43CEEA791D79293D00B6C237 /* JKRCameraProgressHistoryLayer.m */,
			);
			path = CameraView;
			sourceTree = "<group>";
		};
		43CEEA821D79294300B6C237 /* GUImage */ = {
			isa = PBXGroup;
			children = (
				43CEEA831D79294300B6C237 /* GLProgram.h */,
				43CEEA841D79294300B6C237 /* GPUImage.h */,
				43CEEA851D79294300B6C237 /* GPUImage3x3ConvolutionFilter.h */,
				43CEEA861D79294300B6C237 /* GPUImage3x3TextureSamplingFilter.h */,
				43CEEA871D79294300B6C237 /* GPUImageAdaptiveThresholdFilter.h */,
				43CEEA881D79294300B6C237 /* GPUImageAddBlendFilter.h */,
				43CEEA891D79294300B6C237 /* GPUImageAlphaBlendFilter.h */,
				43CEEA8A1D79294300B6C237 /* GPUImageAmatorkaFilter.h */,
				43CEEA8B1D79294300B6C237 /* GPUImageAverageColor.h */,
				43CEEA8C1D79294300B6C237 /* GPUImageAverageLuminanceThresholdFilter.h */,
				43CEEA8D1D79294300B6C237 /* GPUImageBilateralFilter.h */,
				43CEEA8E1D79294300B6C237 /* GPUImageBoxBlurFilter.h */,
				43CEEA8F1D79294300B6C237 /* GPUImageBrightnessFilter.h */,
				43CEEA901D79294300B6C237 /* GPUImageBuffer.h */,
				43CEEA911D79294300B6C237 /* GPUImageBulgeDistortionFilter.h */,
				43CEEA921D79294300B6C237 /* GPUImageCannyEdgeDetectionFilter.h */,
				43CEEA931D79294300B6C237 /* GPUImageCGAColorspaceFilter.h */,
				43CEEA941D79294300B6C237 /* GPUImageChromaKeyBlendFilter.h */,
				43CEEA951D79294300B6C237 /* GPUImageChromaKeyFilter.h */,
				43CEEA961D79294300B6C237 /* GPUImageClosingFilter.h */,
				43CEEA971D79294300B6C237 /* GPUImageColorBlendFilter.h */,
				43CEEA981D79294300B6C237 /* GPUImageColorBurnBlendFilter.h */,
				43CEEA991D79294300B6C237 /* GPUImageColorConversion.h */,
				43CEEA9A1D79294300B6C237 /* GPUImageColorDodgeBlendFilter.h */,
				43CEEA9B1D79294300B6C237 /* GPUImageColorInvertFilter.h */,
				43CEEA9C1D79294300B6C237 /* GPUImageColorLocalBinaryPatternFilter.h */,
				43CEEA9D1D79294300B6C237 /* GPUImageColorMatrixFilter.h */,
				43CEEA9E1D79294300B6C237 /* GPUImageColorPackingFilter.h */,
				43CEEA9F1D79294300B6C237 /* GPUImageColourFASTFeatureDetector.h */,
				43CEEAA01D79294300B6C237 /* GPUImageColourFASTSamplingOperation.h */,
				43CEEAA11D79294300B6C237 /* GPUImageContext.h */,
				43CEEAA21D79294300B6C237 /* GPUImageContrastFilter.h */,
				43CEEAA31D79294300B6C237 /* GPUImageCropFilter.h */,
				43CEEAA41D79294300B6C237 /* GPUImageCrosshairGenerator.h */,
				43CEEAA51D79294300B6C237 /* GPUImageCrosshatchFilter.h */,
				43CEEAA61D79294300B6C237 /* GPUImageDarkenBlendFilter.h */,
				43CEEAA71D79294300B6C237 /* GPUImageDifferenceBlendFilter.h */,
				43CEEAA81D79294300B6C237 /* GPUImageDilationFilter.h */,
				43CEEAA91D79294300B6C237 /* GPUImageDirectionalNonMaximumSuppressionFilter.h */,
				43CEEAAA1D79294300B6C237 /* GPUImageDirectionalSobelEdgeDetectionFilter.h */,
				43CEEAAB1D79294300B6C237 /* GPUImageDissolveBlendFilter.h */,
				43CEEAAC1D79294300B6C237 /* GPUImageDivideBlendFilter.h */,
				43CEEAAD1D79294300B6C237 /* GPUImageEmbossFilter.h */,
				43CEEAAE1D79294300B6C237 /* GPUImageErosionFilter.h */,
				43CEEAAF1D79294300B6C237 /* GPUImageExclusionBlendFilter.h */,
				43CEEAB01D79294300B6C237 /* GPUImageExposureFilter.h */,
				43CEEAB11D79294300B6C237 /* GPUImageFalseColorFilter.h */,
				43CEEAB21D79294300B6C237 /* GPUImageFASTCornerDetectionFilter.h */,
				43CEEAB31D79294300B6C237 /* GPUImageFilter.h */,
				43CEEAB41D79294300B6C237 /* GPUImageFilterGroup.h */,
				43CEEAB51D79294300B6C237 /* GPUImageFilterPipeline.h */,
				43CEEAB61D79294300B6C237 /* GPUImageFourInputFilter.h */,
				43CEEAB71D79294300B6C237 /* GPUImageFramebuffer.h */,
				43CEEAB81D79294300B6C237 /* GPUImageFramebufferCache.h */,
				43CEEAB91D79294300B6C237 /* GPUImageFramework.h */,
				43CEEABA1D79294300B6C237 /* GPUImageGammaFilter.h */,
				43CEEABB1D79294300B6C237 /* GPUImageGaussianBlurFilter.h */,
				43CEEABC1D79294300B6C237 /* GPUImageGaussianBlurPositionFilter.h */,
				43CEEABD1D79294300B6C237 /* GPUImageGaussianSelectiveBlurFilter.h */,
				43CEEABE1D79294300B6C237 /* GPUImageGlassSphereFilter.h */,
				43CEEABF1D79294300B6C237 /* GPUImageGrayscaleFilter.h */,
				43CEEAC01D79294300B6C237 /* GPUImageHalftoneFilter.h */,
				43CEEAC11D79294300B6C237 /* GPUImageHardLightBlendFilter.h */,
				43CEEAC21D79294300B6C237 /* GPUImageHarrisCornerDetectionFilter.h */,
				43CEEAC31D79294300B6C237 /* GPUImageHazeFilter.h */,
				43CEEAC41D79294300B6C237 /* GPUImageHighlightShadowFilter.h */,
				43CEEAC51D79294300B6C237 /* GPUImageHighlightShadowTintFilter.h */,
				43CEEAC61D79294300B6C237 /* GPUImageHighPassFilter.h */,
				43CEEAC71D79294300B6C237 /* GPUImageHistogramEqualizationFilter.h */,
				43CEEAC81D79294300B6C237 /* GPUImageHistogramFilter.h */,
				43CEEAC91D79294300B6C237 /* GPUImageHistogramGenerator.h */,
				43CEEACA1D79294300B6C237 /* GPUImageHoughTransformLineDetector.h */,
				43CEEACB1D79294300B6C237 /* GPUImageHSBFilter.h */,
				43CEEACC1D79294300B6C237 /* GPUImageHueBlendFilter.h */,
				43CEEACD1D79294300B6C237 /* GPUImageHueFilter.h */,
				43CEEACE1D79294300B6C237 /* GPUImageiOSBlurFilter.h */,
				43CEEACF1D79294300B6C237 /* GPUImageJFAVoronoiFilter.h */,
				43CEEAD01D79294300B6C237 /* GPUImageKuwaharaFilter.h */,
				43CEEAD11D79294300B6C237 /* GPUImageKuwaharaRadius3Filter.h */,
				43CEEAD21D79294300B6C237 /* GPUImageLanczosResamplingFilter.h */,
				43CEEAD31D79294300B6C237 /* GPUImageLaplacianFilter.h */,
				43CEEAD41D79294300B6C237 /* GPUImageLevelsFilter.h */,
				43CEEAD51D79294300B6C237 /* GPUImageLightenBlendFilter.h */,
				43CEEAD61D79294300B6C237 /* GPUImageLinearBurnBlendFilter.h */,
				43CEEAD71D79294300B6C237 /* GPUImageLineGenerator.h */,
				43CEEAD81D79294300B6C237 /* GPUImageLocalBinaryPatternFilter.h */,
				43CEEAD91D79294300B6C237 /* GPUImageLookupFilter.h */,
				43CEEADA1D79294300B6C237 /* GPUImageLowPassFilter.h */,
				43CEEADB1D79294300B6C237 /* GPUImageLuminanceRangeFilter.h */,
				43CEEADC1D79294300B6C237 /* GPUImageLuminanceThresholdFilter.h */,
				43CEEADD1D79294300B6C237 /* GPUImageLuminosity.h */,
				43CEEADE1D79294300B6C237 /* GPUImageLuminosityBlendFilter.h */,
				43CEEADF1D79294300B6C237 /* GPUImageMaskFilter.h */,
				43CEEAE01D79294300B6C237 /* GPUImageMedianFilter.h */,
				43CEEAE11D79294300B6C237 /* GPUImageMissEtikateFilter.h */,
				43CEEAE21D79294300B6C237 /* GPUImageMonochromeFilter.h */,
				43CEEAE31D79294300B6C237 /* GPUImageMosaicFilter.h */,
				43CEEAE41D79294300B6C237 /* GPUImageMotionBlurFilter.h */,
				43CEEAE51D79294300B6C237 /* GPUImageMotionDetector.h */,
				43CEEAE61D79294300B6C237 /* GPUImageMovie.h */,
				43CEEAE71D79294300B6C237 /* GPUImageMovieComposition.h */,
				43CEEAE81D79294300B6C237 /* GPUImageMovieWriter.h */,
				43CEEAE91D79294300B6C237 /* GPUImageMultiplyBlendFilter.h */,
				43CEEAEA1D79294300B6C237 /* GPUImageNobleCornerDetectionFilter.h */,
				43CEEAEB1D79294300B6C237 /* GPUImageNonMaximumSuppressionFilter.h */,
				43CEEAEC1D79294300B6C237 /* GPUImageNormalBlendFilter.h */,
				43CEEAED1D79294300B6C237 /* GPUImageOpacityFilter.h */,
				43CEEAEE1D79294300B6C237 /* GPUImageOpeningFilter.h */,
				43CEEAEF1D79294300B6C237 /* GPUImageOutput.h */,
				43CEEAF01D79294300B6C237 /* GPUImageOverlayBlendFilter.h */,
				43CEEAF11D79294300B6C237 /* GPUImageParallelCoordinateLineTransformFilter.h */,
				43CEEAF21D79294300B6C237 /* GPUImagePerlinNoiseFilter.h */,
				43CEEAF31D79294300B6C237 /* GPUImagePicture+TextureSubimage.h */,
				43CEEAF41D79294300B6C237 /* GPUImagePicture.h */,
				43CEEAF51D79294300B6C237 /* GPUImagePinchDistortionFilter.h */,
				43CEEAF61D79294300B6C237 /* GPUImagePixellateFilter.h */,
				43CEEAF71D79294300B6C237 /* GPUImagePixellatePositionFilter.h */,
				43CEEAF81D79294300B6C237 /* GPUImagePoissonBlendFilter.h */,
				43CEEAF91D79294300B6C237 /* GPUImagePolarPixellateFilter.h */,
				43CEEAFA1D79294300B6C237 /* GPUImagePolkaDotFilter.h */,
				43CEEAFB1D79294300B6C237 /* GPUImagePosterizeFilter.h */,
				43CEEAFC1D79294300B6C237 /* GPUImagePrewittEdgeDetectionFilter.h */,
				43CEEAFD1D79294300B6C237 /* GPUImageRawDataInput.h */,
				43CEEAFE1D79294300B6C237 /* GPUImageRawDataOutput.h */,
				43CEEAFF1D79294300B6C237 /* GPUImageRGBClosingFilter.h */,
				43CEEB001D79294300B6C237 /* GPUImageRGBDilationFilter.h */,
				43CEEB011D79294300B6C237 /* GPUImageRGBErosionFilter.h */,
				43CEEB021D79294300B6C237 /* GPUImageRGBFilter.h */,
				43CEEB031D79294300B6C237 /* GPUImageRGBOpeningFilter.h */,
				43CEEB041D79294300B6C237 /* GPUImageSaturationBlendFilter.h */,
				43CEEB051D79294300B6C237 /* GPUImageSaturationFilter.h */,
				43CEEB061D79294300B6C237 /* GPUImageScreenBlendFilter.h */,
				43CEEB071D79294300B6C237 /* GPUImageSepiaFilter.h */,
				43CEEB081D79294300B6C237 /* GPUImageSharpenFilter.h */,
				43CEEB091D79294300B6C237 /* GPUImageShiTomasiFeatureDetectionFilter.h */,
				43CEEB0A1D79294300B6C237 /* GPUImageSingleComponentGaussianBlurFilter.h */,
				43CEEB0B1D79294400B6C237 /* GPUImageSketchFilter.h */,
				43CEEB0C1D79294400B6C237 /* GPUImageSkinToneFilter.h */,
				43CEEB0D1D79294400B6C237 /* GPUImageSmoothToonFilter.h */,
				43CEEB0E1D79294400B6C237 /* GPUImageSobelEdgeDetectionFilter.h */,
				43CEEB0F1D79294400B6C237 /* GPUImageSoftEleganceFilter.h */,
				43CEEB101D79294400B6C237 /* GPUImageSoftLightBlendFilter.h */,
				43CEEB111D79294400B6C237 /* GPUImageSolarizeFilter.h */,
				43CEEB121D79294400B6C237 /* GPUImageSolidColorGenerator.h */,
				43CEEB131D79294400B6C237 /* GPUImageSourceOverBlendFilter.h */,
				43CEEB141D79294400B6C237 /* GPUImageSphereRefractionFilter.h */,
				43CEEB151D79294400B6C237 /* GPUImageStillCamera.h */,
				43CEEB161D79294400B6C237 /* GPUImageStretchDistortionFilter.h */,
				43CEEB171D79294400B6C237 /* GPUImageSubtractBlendFilter.h */,
				43CEEB181D79294400B6C237 /* GPUImageSwirlFilter.h */,
				43CEEB191D79294400B6C237 /* GPUImageTextureInput.h */,
				43CEEB1A1D79294400B6C237 /* GPUImageTextureOutput.h */,
				43CEEB1B1D79294400B6C237 /* GPUImageThreeInputFilter.h */,
				43CEEB1C1D79294400B6C237 /* GPUImageThresholdEdgeDetectionFilter.h */,
				43CEEB1D1D79294400B6C237 /* GPUImageThresholdedNonMaximumSuppressionFilter.h */,
				43CEEB1E1D79294400B6C237 /* GPUImageThresholdSketchFilter.h */,
				43CEEB1F1D79294400B6C237 /* GPUImageTiltShiftFilter.h */,
				43CEEB201D79294400B6C237 /* GPUImageToneCurveFilter.h */,
				43CEEB211D79294400B6C237 /* GPUImageToonFilter.h */,
				43CEEB221D79294400B6C237 /* GPUImageTransformFilter.h */,
				43CEEB231D79294400B6C237 /* GPUImageTwoInputCrossTextureSamplingFilter.h */,
				43CEEB241D79294400B6C237 /* GPUImageTwoInputFilter.h */,
				43CEEB251D79294400B6C237 /* GPUImageTwoPassFilter.h */,
				43CEEB261D79294400B6C237 /* GPUImageTwoPassTextureSamplingFilter.h */,
				43CEEB271D79294400B6C237 /* GPUImageUIElement.h */,
				43CEEB281D79294400B6C237 /* GPUImageUnsharpMaskFilter.h */,
				43CEEB291D79294400B6C237 /* GPUImageVibranceFilter.h */,
				43CEEB2A1D79294400B6C237 /* GPUImageVideoCamera.h */,
				43CEEB2B1D79294400B6C237 /* GPUImageView.h */,
				43CEEB2C1D79294400B6C237 /* GPUImageVignetteFilter.h */,
				43CEEB2D1D79294400B6C237 /* GPUImageVoronoiConsumerFilter.h */,
				43CEEB2E1D79294400B6C237 /* GPUImageWeakPixelInclusionFilter.h */,
				43CEEB2F1D79294400B6C237 /* GPUImageWhiteBalanceFilter.h */,
				43CEEB301D79294400B6C237 /* GPUImageXYDerivativeFilter.h */,
				43CEEB311D79294400B6C237 /* GPUImageZoomBlurFilter.h */,
				43CEEB321D79294400B6C237 /* libGPUImage.a */,
			);
			path = GUImage;
			sourceTree = "<group>";
		};
		43CEEB341D79294900B6C237 /* Utility */ = {
			isa = PBXGroup;
			children = (
				43CEEB351D79294900B6C237 /* NSObject+KVO.h */,
				43CEEB361D79294900B6C237 /* NSObject+KVO.m */,
				43CEEB371D79294900B6C237 /* NSString+FileSize.h */,
				43CEEB381D79294900B6C237 /* NSString+FileSize.m */,
				05EFF0781DBB744300E400C4 /* UIImage+image.h */,
				05EFF0791DBB744300E400C4 /* UIImage+image.m */,
				05314E501DBBAA100047BA49 /* UILabel+tipLabel.h */,
				05314E511DBBAA100047BA49 /* UILabel+tipLabel.m */,
			);
			path = Utility;
			sourceTree = "<group>";
		};
		43CEEB3B1D79294F00B6C237 /* VideoEditView */ = {
			isa = PBXGroup;
			children = (
				435091991D816B8100610CFC /* RQShineLabel.h */,
				4350919A1D816B8100610CFC /* RQShineLabel.m */,
				4350919C1D8250F200610CFC /* JKRFlickerLabel.h */,
				4350919D1D8250F200610CFC /* JKRFlickerLabel.m */,
				43CEEB3C1D7929A000B6C237 /* JKRVideoEditView.h */,
				43CEEB3D1D7929A000B6C237 /* JKRVideoEditView.m */,
				43CEEB491D792BDC00B6C237 /* JKRVideoBackGroundView.h */,
				43CEEB4A1D792BDC00B6C237 /* JKRVideoBackGroundView.m */,
				435091931D810FB000610CFC /* JKRUIDemo.h */,
				435091941D810FB000610CFC /* JKRUIDemo.m */,
			);
			path = VideoEditView;
			sourceTree = "<group>";
		};
		FA3CD0091F7143D0005A0CCD /* Frameworks */ = {
			isa = PBXGroup;
			children = (
				FA3CD00A1F7143D1005A0CCD /* CoreMotion.framework */,
			);
			name = Frameworks;
			sourceTree = "<group>";
		};
/* End PBXGroup section */

/* Begin PBXNativeTarget section */
		43CEE9DE1D76D36F00B6C237 /* JKRAVCameraDemo */ = {
			isa = PBXNativeTarget;
			buildConfigurationList = 43CEEA0C1D76D37000B6C237 /* Build configuration list for PBXNativeTarget "JKRAVCameraDemo" */;
			buildPhases = (
				43CEE9DB1D76D36F00B6C237 /* Sources */,
				43CEE9DC1D76D36F00B6C237 /* Frameworks */,
				43CEE9DD1D76D36F00B6C237 /* Resources */,
			);
			buildRules = (
			);
			dependencies = (
			);
			name = JKRAVCameraDemo;
			productName = JKRAVCameraDemo;
			productReference = 43CEE9DF1D76D36F00B6C237 /* JKRAVCameraDemo.app */;
			productType = "com.apple.product-type.application";
		};
		43CEE9F71D76D37000B6C237 /* JKRAVCameraDemoTests */ = {
			isa = PBXNativeTarget;
			buildConfigurationList = 43CEEA0F1D76D37000B6C237 /* Build configuration list for PBXNativeTarget "JKRAVCameraDemoTests" */;
			buildPhases = (
				43CEE9F41D76D37000B6C237 /* Sources */,
				43CEE9F51D76D37000B6C237 /* Frameworks */,
				43CEE9F61D76D37000B6C237 /* Resources */,
			);
			buildRules = (
			);
			dependencies = (
				43CEE9FA1D76D37000B6C237 /* PBXTargetDependency */,
			);
			name = JKRAVCameraDemoTests;
			productName = JKRAVCameraDemoTests;
			productReference = 43CEE9F81D76D37000B6C237 /* JKRAVCameraDemoTests.xctest */;
			productType = "com.apple.product-type.bundle.unit-test";
		};
		43CEEA021D76D37000B6C237 /* JKRAVCameraDemoUITests */ = {
			isa = PBXNativeTarget;
			buildConfigurationList = 43CEEA121D76D37000B6C237 /* Build configuration list for PBXNativeTarget "JKRAVCameraDemoUITests" */;
			buildPhases = (
				43CEE9FF1D76D37000B6C237 /* Sources */,
				43CEEA001D76D37000B6C237 /* Frameworks */,
				43CEEA011D76D37000B6C237 /* Resources */,
			);
			buildRules = (
			);
			dependencies = (
				43CEEA051D76D37000B6C237 /* PBXTargetDependency */,
			);
			name = JKRAVCameraDemoUITests;
			productName = JKRAVCameraDemoUITests;
			productReference = 43CEEA031D76D37000B6C237 /* JKRAVCameraDemoUITests.xctest */;
			productType = "com.apple.product-type.bundle.ui-testing";
		};
/* End PBXNativeTarget section */

/* Begin PBXProject section */
		43CEE9D71D76D36F00B6C237 /* Project object */ = {
			isa = PBXProject;
			attributes = {
				LastUpgradeCheck = 0830;
				ORGANIZATIONNAME = tronsis_ios;
				TargetAttributes = {
					43CEE9DE1D76D36F00B6C237 = {
						CreatedOnToolsVersion = 7.3.1;
						DevelopmentTeam = 4TC98G5UH5;
					};
					43CEE9F71D76D37000B6C237 = {
						CreatedOnToolsVersion = 7.3.1;
						TestTargetID = 43CEE9DE1D76D36F00B6C237;
					};
					43CEEA021D76D37000B6C237 = {
						CreatedOnToolsVersion = 7.3.1;
						TestTargetID = 43CEE9DE1D76D36F00B6C237;
					};
				};
			};
			buildConfigurationList = 43CEE9DA1D76D36F00B6C237 /* Build configuration list for PBXProject "JKRAVCameraDemo" */;
			compatibilityVersion = "Xcode 3.2";
			developmentRegion = English;
			hasScannedForEncodings = 0;
			knownRegions = (
				en,
				Base,
			);
			mainGroup = 43CEE9D61D76D36F00B6C237;
			productRefGroup = 43CEE9E01D76D36F00B6C237 /* Products */;
			projectDirPath = "";
			projectRoot = "";
			targets = (
				43CEE9DE1D76D36F00B6C237 /* JKRAVCameraDemo */,
				43CEE9F71D76D37000B6C237 /* JKRAVCameraDemoTests */,
				43CEEA021D76D37000B6C237 /* JKRAVCameraDemoUITests */,
			);
		};
/* End PBXProject section */

/* Begin PBXResourcesBuildPhase section */
		43CEE9DD1D76D36F00B6C237 /* Resources */ = {
			isa = PBXResourcesBuildPhase;
			buildActionMask = 2147483647;
			files = (
				43CEE9F21D76D37000B6C237 /* LaunchScreen.storyboard in Resources */,
				43CEE9EF1D76D37000B6C237 /* Assets.xcassets in Resources */,
				43CEE9ED1D76D36F00B6C237 /* Main.storyboard in Resources */,
				43CEEB4D1D79862D00B6C237 /* back.mp3 in Resources */,
			);
			runOnlyForDeploymentPostprocessing = 0;
		};
		43CEE9F61D76D37000B6C237 /* Resources */ = {
			isa = PBXResourcesBuildPhase;
			buildActionMask = 2147483647;
			files = (
			);
			runOnlyForDeploymentPostprocessing = 0;
		};
		43CEEA011D76D37000B6C237 /* Resources */ = {
			isa = PBXResourcesBuildPhase;
			buildActionMask = 2147483647;
			files = (
			);
			runOnlyForDeploymentPostprocessing = 0;
		};
/* End PBXResourcesBuildPhase section */

/* Begin PBXSourcesBuildPhase section */
		43CEE9DB1D76D36F00B6C237 /* Sources */ = {
			isa = PBXSourcesBuildPhase;
			buildActionMask = 2147483647;
			files = (
				05314E4C1DBB902B0047BA49 /* JKRMenuTableViewCell.m in Sources */,
				43CEEA801D79293D00B6C237 /* JKRCameraProgressView.m in Sources */,
				43CEEA731D783CA300B6C237 /* JKRVideosManager.m in Sources */,
				05314E521DBBAA100047BA49 /* UILabel+tipLabel.m in Sources */,
				05EFF07D1DBB812A00E400C4 /* JKRCameraSliderView.m in Sources */,
				4350919E1D8250F200610CFC /* JKRFlickerLabel.m in Sources */,
				43CEE9EA1D76D36F00B6C237 /* ViewController.m in Sources */,
				4350919B1D816B8100610CFC /* RQShineLabel.m in Sources */,
				43CEEA701D783BD500B6C237 /* JKREditViewController.m in Sources */,
				43CEEB3A1D79294900B6C237 /* NSString+FileSize.m in Sources */,
				43CEE9E71D76D36F00B6C237 /* AppDelegate.m in Sources */,
				435091951D810FB000610CFC /* JKRUIDemo.m in Sources */,
				43CEE9E41D76D36F00B6C237 /* main.m in Sources */,
				43CEEA6A1D783B5200B6C237 /* JKRMenuViewController.m in Sources */,
				43CEEB391D79294900B6C237 /* NSObject+KVO.m in Sources */,
				43CEEA7E1D79293D00B6C237 /* JKRCameraBackgroundView.m in Sources */,
				43CEEA7F1D79293D00B6C237 /* JKRCameraProgressHistoryLayer.m in Sources */,
				43CEEB3E1D7929A000B6C237 /* JKRVideoEditView.m in Sources */,
				05314E4F1DBBA9A20047BA49 /* JKRCameraTipView.m in Sources */,
				43CEEB4B1D792BDC00B6C237 /* JKRVideoBackGroundView.m in Sources */,
				43CEEA811D79293D00B6C237 /* JKRCameraView.m in Sources */,
				05EFF07A1DBB744300E400C4 /* UIImage+image.m in Sources */,
			);
			runOnlyForDeploymentPostprocessing = 0;
		};
		43CEE9F41D76D37000B6C237 /* Sources */ = {
			isa = PBXSourcesBuildPhase;
			buildActionMask = 2147483647;
			files = (
				43CEE9FD1D76D37000B6C237 /* JKRAVCameraDemoTests.m in Sources */,
			);
			runOnlyForDeploymentPostprocessing = 0;
		};
		43CEE9FF1D76D37000B6C237 /* Sources */ = {
			isa = PBXSourcesBuildPhase;
			buildActionMask = 2147483647;
			files = (
				43CEEA081D76D37000B6C237 /* JKRAVCameraDemoUITests.m in Sources */,
			);
			runOnlyForDeploymentPostprocessing = 0;
		};
/* End PBXSourcesBuildPhase section */

/* Begin PBXTargetDependency section */
		43CEE9FA1D76D37000B6C237 /* PBXTargetDependency */ = {
			isa = PBXTargetDependency;
			target = 43CEE9DE1D76D36F00B6C237 /* JKRAVCameraDemo */;
			targetProxy = 43CEE9F91D76D37000B6C237 /* PBXContainerItemProxy */;
		};
		43CEEA051D76D37000B6C237 /* PBXTargetDependency */ = {
			isa = PBXTargetDependency;
			target = 43CEE9DE1D76D36F00B6C237 /* JKRAVCameraDemo */;
			targetProxy = 43CEEA041D76D37000B6C237 /* PBXContainerItemProxy */;
		};
/* End PBXTargetDependency section */

/* Begin PBXVariantGroup section */
		43CEE9EB1D76D36F00B6C237 /* Main.storyboard */ = {
			isa = PBXVariantGroup;
			children = (
				43CEE9EC1D76D36F00B6C237 /* Base */,
			);
			name = Main.storyboard;
			sourceTree = "<group>";
		};
		43CEE9F01D76D37000B6C237 /* LaunchScreen.storyboard */ = {
			isa = PBXVariantGroup;
			children = (
				43CEE9F11D76D37000B6C237 /* Base */,
			);
			name = LaunchScreen.storyboard;
			sourceTree = "<group>";
		};
/* End PBXVariantGroup section */

/* Begin XCBuildConfiguration section */
		43CEEA0A1D76D37000B6C237 /* Debug */ = {
			isa = XCBuildConfiguration;
			buildSettings = {
				ALWAYS_SEARCH_USER_PATHS = NO;
				CLANG_ANALYZER_NONNULL = YES;
				CLANG_CXX_LANGUAGE_STANDARD = "gnu++0x";
				CLANG_CXX_LIBRARY = "libc++";
				CLANG_ENABLE_MODULES = YES;
				CLANG_ENABLE_OBJC_ARC = YES;
				CLANG_WARN_BOOL_CONVERSION = YES;
				CLANG_WARN_CONSTANT_CONVERSION = YES;
				CLANG_WARN_DIRECT_OBJC_ISA_USAGE = YES_ERROR;
				CLANG_WARN_EMPTY_BODY = YES;
				CLANG_WARN_ENUM_CONVERSION = YES;
				CLANG_WARN_INFINITE_RECURSION = YES;
				CLANG_WARN_INT_CONVERSION = YES;
				CLANG_WARN_OBJC_ROOT_CLASS = YES_ERROR;
				CLANG_WARN_SUSPICIOUS_MOVE = YES;
				CLANG_WARN_UNREACHABLE_CODE = YES;
				CLANG_WARN__DUPLICATE_METHOD_MATCH = YES;
				"CODE_SIGN_IDENTITY[sdk=iphoneos*]" = "iPhone Developer";
				COPY_PHASE_STRIP = NO;
				DEBUG_INFORMATION_FORMAT = dwarf;
				ENABLE_STRICT_OBJC_MSGSEND = YES;
				ENABLE_TESTABILITY = YES;
				GCC_C_LANGUAGE_STANDARD = gnu99;
				GCC_DYNAMIC_NO_PIC = NO;
				GCC_NO_COMMON_BLOCKS = YES;
				GCC_OPTIMIZATION_LEVEL = 0;
				GCC_PREPROCESSOR_DEFINITIONS = (
					"DEBUG=1",
					"$(inherited)",
				);
				GCC_WARN_64_TO_32_BIT_CONVERSION = YES;
				GCC_WARN_ABOUT_RETURN_TYPE = YES_ERROR;
				GCC_WARN_UNDECLARED_SELECTOR = YES;
				GCC_WARN_UNINITIALIZED_AUTOS = YES_AGGRESSIVE;
				GCC_WARN_UNUSED_FUNCTION = YES;
				GCC_WARN_UNUSED_VARIABLE = YES;
				IPHONEOS_DEPLOYMENT_TARGET = 9.3;
				MTL_ENABLE_DEBUG_INFO = YES;
				ONLY_ACTIVE_ARCH = YES;
				SDKROOT = iphoneos;
				TARGETED_DEVICE_FAMILY = "1,2";
			};
			name = Debug;
		};
		43CEEA0B1D76D37000B6C237 /* Release */ = {
			isa = XCBuildConfiguration;
			buildSettings = {
				ALWAYS_SEARCH_USER_PATHS = NO;
				CLANG_ANALYZER_NONNULL = YES;
				CLANG_CXX_LANGUAGE_STANDARD = "gnu++0x";
				CLANG_CXX_LIBRARY = "libc++";
				CLANG_ENABLE_MODULES = YES;
				CLANG_ENABLE_OBJC_ARC = YES;
				CLANG_WARN_BOOL_CONVERSION = YES;
				CLANG_WARN_CONSTANT_CONVERSION = YES;
				CLANG_WARN_DIRECT_OBJC_ISA_USAGE = YES_ERROR;
				CLANG_WARN_EMPTY_BODY = YES;
				CLANG_WARN_ENUM_CONVERSION = YES;
				CLANG_WARN_INFINITE_RECURSION = YES;
				CLANG_WARN_INT_CONVERSION = YES;
				CLANG_WARN_OBJC_ROOT_CLASS = YES_ERROR;
				CLANG_WARN_SUSPICIOUS_MOVE = YES;
				CLANG_WARN_UNREACHABLE_CODE = YES;
				CLANG_WARN__DUPLICATE_METHOD_MATCH = YES;
				"CODE_SIGN_IDENTITY[sdk=iphoneos*]" = "iPhone Developer";
				COPY_PHASE_STRIP = NO;
				DEBUG_INFORMATION_FORMAT = "dwarf-with-dsym";
				ENABLE_NS_ASSERTIONS = NO;
				ENABLE_STRICT_OBJC_MSGSEND = YES;
				GCC_C_LANGUAGE_STANDARD = gnu99;
				GCC_NO_COMMON_BLOCKS = YES;
				GCC_WARN_64_TO_32_BIT_CONVERSION = YES;
				GCC_WARN_ABOUT_RETURN_TYPE = YES_ERROR;
				GCC_WARN_UNDECLARED_SELECTOR = YES;
				GCC_WARN_UNINITIALIZED_AUTOS = YES_AGGRESSIVE;
				GCC_WARN_UNUSED_FUNCTION = YES;
				GCC_WARN_UNUSED_VARIABLE = YES;
				IPHONEOS_DEPLOYMENT_TARGET = 9.3;
				MTL_ENABLE_DEBUG_INFO = NO;
				SDKROOT = iphoneos;
				TARGETED_DEVICE_FAMILY = "1,2";
				VALIDATE_PRODUCT = YES;
			};
			name = Release;
		};
		43CEEA0D1D76D37000B6C237 /* Debug */ = {
			isa = XCBuildConfiguration;
			buildSettings = {
				ASSETCATALOG_COMPILER_APPICON_NAME = AppIcon;
				CODE_SIGN_IDENTITY = "iPhone Developer";
				"CODE_SIGN_IDENTITY[sdk=iphoneos*]" = "iPhone Developer";
				DEVELOPMENT_TEAM = 4TC98G5UH5;
				GCC_PREFIX_HEADER = JKRAVCameraDemo/PrefixHeader.pch;
				INFOPLIST_FILE = JKRAVCameraDemo/Info.plist;
				IPHONEOS_DEPLOYMENT_TARGET = 8.0;
				LD_RUNPATH_SEARCH_PATHS = "$(inherited) @executable_path/Frameworks";
				LIBRARY_SEARCH_PATHS = (
					"$(inherited)",
					"$(PROJECT_DIR)/JKRAVCameraDemo/GUImage",
				);
				PRODUCT_BUNDLE_IDENTIFIER = com.johnnian.Camera;
				PRODUCT_NAME = "$(TARGET_NAME)";
				PROVISIONING_PROFILE = "";
			};
			name = Debug;
		};
		43CEEA0E1D76D37000B6C237 /* Release */ = {
			isa = XCBuildConfiguration;
			buildSettings = {
				ASSETCATALOG_COMPILER_APPICON_NAME = AppIcon;
				CODE_SIGN_IDENTITY = "iPhone Developer";
				"CODE_SIGN_IDENTITY[sdk=iphoneos*]" = "iPhone Developer";
				DEVELOPMENT_TEAM = 4TC98G5UH5;
				GCC_PREFIX_HEADER = JKRAVCameraDemo/PrefixHeader.pch;
				INFOPLIST_FILE = JKRAVCameraDemo/Info.plist;
				IPHONEOS_DEPLOYMENT_TARGET = 8.0;
				LD_RUNPATH_SEARCH_PATHS = "$(inherited) @executable_path/Frameworks";
				LIBRARY_SEARCH_PATHS = (
					"$(inherited)",
					"$(PROJECT_DIR)/JKRAVCameraDemo/GUImage",
				);
				PRODUCT_BUNDLE_IDENTIFIER = com.johnnian.Camera;
				PRODUCT_NAME = "$(TARGET_NAME)";
				PROVISIONING_PROFILE = "";
			};
			name = Release;
		};
		43CEEA101D76D37000B6C237 /* Debug */ = {
			isa = XCBuildConfiguration;
			buildSettings = {
				BUNDLE_LOADER = "$(TEST_HOST)";
				INFOPLIST_FILE = JKRAVCameraDemoTests/Info.plist;
				LD_RUNPATH_SEARCH_PATHS = "$(inherited) @executable_path/Frameworks @loader_path/Frameworks";
				PRODUCT_BUNDLE_IDENTIFIER = joker.JKRAVCameraDemoTests;
				PRODUCT_NAME = "$(TARGET_NAME)";
				TEST_HOST = "$(BUILT_PRODUCTS_DIR)/JKRAVCameraDemo.app/JKRAVCameraDemo";
			};
			name = Debug;
		};
		43CEEA111D76D37000B6C237 /* Release */ = {
			isa = XCBuildConfiguration;
			buildSettings = {
				BUNDLE_LOADER = "$(TEST_HOST)";
				INFOPLIST_FILE = JKRAVCameraDemoTests/Info.plist;
				LD_RUNPATH_SEARCH_PATHS = "$(inherited) @executable_path/Frameworks @loader_path/Frameworks";
				PRODUCT_BUNDLE_IDENTIFIER = joker.JKRAVCameraDemoTests;
				PRODUCT_NAME = "$(TARGET_NAME)";
				TEST_HOST = "$(BUILT_PRODUCTS_DIR)/JKRAVCameraDemo.app/JKRAVCameraDemo";
			};
			name = Release;
		};
		43CEEA131D76D37000B6C237 /* Debug */ = {
			isa = XCBuildConfiguration;
			buildSettings = {
				INFOPLIST_FILE = JKRAVCameraDemoUITests/Info.plist;
				LD_RUNPATH_SEARCH_PATHS = "$(inherited) @executable_path/Frameworks @loader_path/Frameworks";
				PRODUCT_BUNDLE_IDENTIFIER = joker.JKRAVCameraDemoUITests;
				PRODUCT_NAME = "$(TARGET_NAME)";
				TEST_TARGET_NAME = JKRAVCameraDemo;
			};
			name = Debug;
		};
		43CEEA141D76D37000B6C237 /* Release */ = {
			isa = XCBuildConfiguration;
			buildSettings = {
				INFOPLIST_FILE = JKRAVCameraDemoUITests/Info.plist;
				LD_RUNPATH_SEARCH_PATHS = "$(inherited) @executable_path/Frameworks @loader_path/Frameworks";
				PRODUCT_BUNDLE_IDENTIFIER = joker.JKRAVCameraDemoUITests;
				PRODUCT_NAME = "$(TARGET_NAME)";
				TEST_TARGET_NAME = JKRAVCameraDemo;
			};
			name = Release;
		};
/* End XCBuildConfiguration section */

/* Begin XCConfigurationList section */
		43CEE9DA1D76D36F00B6C237 /* Build configuration list for PBXProject "JKRAVCameraDemo" */ = {
			isa = XCConfigurationList;
			buildConfigurations = (
				43CEEA0A1D76D37000B6C237 /* Debug */,
				43CEEA0B1D76D37000B6C237 /* Release */,
			);
			defaultConfigurationIsVisible = 0;
			defaultConfigurationName = Release;
		};
		43CEEA0C1D76D37000B6C237 /* Build configuration list for PBXNativeTarget "JKRAVCameraDemo" */ = {
			isa = XCConfigurationList;
			buildConfigurations = (
				43CEEA0D1D76D37000B6C237 /* Debug */,
				43CEEA0E1D76D37000B6C237 /* Release */,
			);
			defaultConfigurationIsVisible = 0;
			defaultConfigurationName = Release;
		};
		43CEEA0F1D76D37000B6C237 /* Build configuration list for PBXNativeTarget "JKRAVCameraDemoTests" */ = {
			isa = XCConfigurationList;
			buildConfigurations = (
				43CEEA101D76D37000B6C237 /* Debug */,
				43CEEA111D76D37000B6C237 /* Release */,
			);
			defaultConfigurationIsVisible = 0;
			defaultConfigurationName = Release;
		};
		43CEEA121D76D37000B6C237 /* Build configuration list for PBXNativeTarget "JKRAVCameraDemoUITests" */ = {
			isa = XCConfigurationList;
			buildConfigurations = (
				43CEEA131D76D37000B6C237 /* Debug */,
				43CEEA141D76D37000B6C237 /* Release */,
			);
			defaultConfigurationIsVisible = 0;
			defaultConfigurationName = Release;
		};
/* End XCConfigurationList section */
	};
	rootObject = 43CEE9D71D76D36F00B6C237 /* Project object */;
}
